// !$*UTF8*$!
{
	archiveVersion = 1;
	classes = {
	};
	objectVersion = 77;
	objects = {

/* Begin PBXBuildFile section */
		00A6D8ACEE790C20BB79E0B0 /* GeminiUsageEventSource.swift in Sources */ = {isa = PBXBuildFile; fileRef = E85948FF80F189F5F0CC325C /* GeminiUsageEventSource.swift */; };
		04914E4086F0DC3FAB16BCB4 /* CodexUsageEventSource.swift in Sources */ = {isa = PBXBuildFile; fileRef = E83F475A009E998ECA9D0157 /* CodexUsageEventSource.swift */; };
		04A6B1D8D41488DA5AF4BB3F /* TokenNormalizer.swift in Sources */ = {isa = PBXBuildFile; fileRef = 95322CB20E0BEB0733741D67 /* TokenNormalizer.swift */; };
		07266E8C169D80625B191574 /* DiscoveryCache.swift in Sources */ = {isa = PBXBuildFile; fileRef = 2E0199F0D8EFAC5FAEFCE323 /* DiscoveryCache.swift */; };
		0ED0B2EBB5AE33375CC8CF5A /* JSONLWatermarkLoader.swift in Sources */ = {isa = PBXBuildFile; fileRef = C6437D03BB0B04953688295F /* JSONLWatermarkLoader.swift */; };
		11BD35E76314C84AABA18971 /* Sprint9IncrementalTests.swift in Sources */ = {isa = PBXBuildFile; fileRef = 8350DE0668F07E1A23EFC9F4 /* Sprint9IncrementalTests.swift */; };
		13473CCEC11872670DEB7346 /* PromptTemplatePreviewTests.swift in Sources */ = {isa = PBXBuildFile; fileRef = 84ED46F5F5614A4628F27FFC /* PromptTemplatePreviewTests.swift */; };
		13C6A572B337CECA1363DD7B /* WarpUsageParserTests.swift in Sources */ = {isa = PBXBuildFile; fileRef = 98C0AAB42EE381A923F00048 /* WarpUsageParserTests.swift */; };
		19F556FC44FDA1BA8BC35444 /* Aggregation.swift in Sources */ = {isa = PBXBuildFile; fileRef = E15456AA376C9D15A280DE88 /* Aggregation.swift */; };
		1A79012C6BB812370D346EB8 /* RuntimeModels.swift in Sources */ = {isa = PBXBuildFile; fileRef = 6127B31ADF0D7B1BBA11F078 /* RuntimeModels.swift */; };
		1DA3BCA03A603789BD427A06 /* Entry.swift in Sources */ = {isa = PBXBuildFile; fileRef = 3B8FF89F768851A8BFB6A6B4 /* Entry.swift */; };
		1E02B599A0D851901E27C5CC /* RebuildCommand.swift in Sources */ = {isa = PBXBuildFile; fileRef = 4C13449493237EABD59A2B81 /* RebuildCommand.swift */; };
		21B463890C5F2477F2E3D088 /* SavedPromptsListView.swift in Sources */ = {isa = PBXBuildFile; fileRef = EDC0BC3DD8B0701650C6B0C9 /* SavedPromptsListView.swift */; };
		29895282DA84CF98BA945E18 /* Localizable.strings in Resources */ = {isa = PBXBuildFile; fileRef = F564CFA83CC2F25DF5F61881 /* Localizable.strings */; };
		29B9B765267E0C66E7F96CE6 /* IndexingResourceThrottle.swift in Sources */ = {isa = PBXBuildFile; fileRef = A21A75E49D97E2D9072E96CF /* IndexingResourceThrottle.swift */; };
		2B7F4275BB72666AD129AB27 /* claude-session-unicode-cwd.jsonl in Resources */ = {isa = PBXBuildFile; fileRef = 6777696CA6F3021A247FD109 /* claude-session-unicode-cwd.jsonl */; };
		2C0A567C4F523E5E6C22B9F5 /* TokenBarCore.framework in Embed Frameworks */ = {isa = PBXBuildFile; fileRef = CE68C5C4D63519C0D1AA1A2F /* TokenBarCore.framework */; settings = {ATTRIBUTES = (CodeSignOnCopy, RemoveHeadersOnCopy, ); }; };
		2DB3031F751A8CD8A7860D01 /* Assets.xcassets in Resources */ = {isa = PBXBuildFile; fileRef = 88E72B0E28BA176B815BA2C9 /* Assets.xcassets */; };
		2F1BF4057039E60E24D49CEF /* TokenBarApp.swift in Sources */ = {isa = PBXBuildFile; fileRef = 9E0D668C114B1D19E73AFBD1 /* TokenBarApp.swift */; };
		30EC6A6FEBC6DCA6ABA74CA2 /* SavedPromptEditorView.swift in Sources */ = {isa = PBXBuildFile; fileRef = E342380D90467993BBA363FE /* SavedPromptEditorView.swift */; };
		3756E6C4F045CE0B2B42B087 /* AppDelegate.swift in Sources */ = {isa = PBXBuildFile; fileRef = 4928DC72DB17512B06F60B6F /* AppDelegate.swift */; };
		384B7FC2DF12C17712ECE7E2 /* CheckpointEngine.swift in Sources */ = {isa = PBXBuildFile; fileRef = 214AE80317DD881CA7F55270 /* CheckpointEngine.swift */; };
		392B545CA8758A61EDD425E5 /* session-very-long-line.jsonl in Resources */ = {isa = PBXBuildFile; fileRef = 0C204E1A6B74185FF917C019 /* session-very-long-line.jsonl */; };
		3B57EDAC293F7BCC1D7A3E7D /* UsageDatabase.swift in Sources */ = {isa = PBXBuildFile; fileRef = 59FF02D649035CCD9095EB47 /* UsageDatabase.swift */; };
		3DAB42155F7F30D94EFB368D /* OpenCodeUsageParser.swift in Sources */ = {isa = PBXBuildFile; fileRef = D5DC9D8F6E2AB2712DA31A30 /* OpenCodeUsageParser.swift */; };
		3E1B57FFED4C7AAFAE8D194E /* WarpUsageParser.swift in Sources */ = {isa = PBXBuildFile; fileRef = 137225CF079EBD0F6D69FDDE /* WarpUsageParser.swift */; };
		4214DEA3986FBA479FEDAAB5 /* session-overflow.jsonl in Resources */ = {isa = PBXBuildFile; fileRef = 3CB81B998E274AB1DF728489 /* session-overflow.jsonl */; };
		4576465B0C01095823CFAEC5 /* SampleUsageProvider.swift in Sources */ = {isa = PBXBuildFile; fileRef = E19D865817948FECB87959BE /* SampleUsageProvider.swift */; };
		46CA88BAAFF18842F0B406EA /* claude-session-zero.jsonl in Resources */ = {isa = PBXBuildFile; fileRef = 8B2E4D0610C08E69AEB81F10 /* claude-session-zero.jsonl */; };
		48F16D4BB4D909FF340E93A8 /* ParserTypes.swift in Sources */ = {isa = PBXBuildFile; fileRef = 8657BEDEB107A54CD103ED0A /* ParserTypes.swift */; };
		4A71ECBB75A98F799BFC4870 /* Filters.swift in Sources */ = {isa = PBXBuildFile; fileRef = 35DC12B39C2C797A5F63DECB /* Filters.swift */; };
		4B3010937A2A0A782F332DAB /* PromptTemplateLinter.swift in Sources */ = {isa = PBXBuildFile; fileRef = 7793CB76AAD8722029F32DA2 /* PromptTemplateLinter.swift */; };
		4D6630877A6864BB59CFA5DD /* session-model-context.jsonl in Resources */ = {isa = PBXBuildFile; fileRef = 8BBC62FE5D2214DAA868B40E /* session-model-context.jsonl */; };
		4FA9E493A8BB950A09DE5E73 /* PluginManager.swift in Sources */ = {isa = PBXBuildFile; fileRef = 1EBEA84048CA9EABE8D68CF3 /* PluginManager.swift */; };
		4FEBF8B04CE41BEECF83DCB7 /* IndexRebuilder.swift in Sources */ = {isa = PBXBuildFile; fileRef = 7F12D409505D9F466E26674C /* IndexRebuilder.swift */; };
		513DCC357C218176290A7D7D /* CustomSources.swift in Sources */ = {isa = PBXBuildFile; fileRef = A743CA750D3CFE4FC91B4BCC /* CustomSources.swift */; };
		53A0CF9DF32D791CC4DE7597 /* PopoverView.swift in Sources */ = {isa = PBXBuildFile; fileRef = 6DC78E73F4D845295786B912 /* PopoverView.swift */; };
		572F251532167C9FFE57BFEF /* TokenBarCore.framework in Frameworks */ = {isa = PBXBuildFile; fileRef = CE68C5C4D63519C0D1AA1A2F /* TokenBarCore.framework */; };
		58BD12D6D6D6DF687C508314 /* session-malformed.jsonl in Resources */ = {isa = PBXBuildFile; fileRef = 858A48189BE5DDF327B3EDD0 /* session-malformed.jsonl */; };
		59D788129F5B37F039D7E148 /* ArgumentCursor.swift in Sources */ = {isa = PBXBuildFile; fileRef = 24EA28A98B03F968999EE70C /* ArgumentCursor.swift */; };
		5F77DFC018E2BF3040F76164 /* session-valid.jsonl in Resources */ = {isa = PBXBuildFile; fileRef = 09D444A9CB79C36F03941643 /* session-valid.jsonl */; };
		5FACA9572F7728D15B77D56B /* EventCommands.swift in Sources */ = {isa = PBXBuildFile; fileRef = 31D12696CE05F7AECE31A8E5 /* EventCommands.swift */; };
		60241A12D5F8DE9B8FCD53CE /* LibraryGraphViews.swift in Sources */ = {isa = PBXBuildFile; fileRef = E574733DE36842180608F4DD /* LibraryGraphViews.swift */; };
		615B7716C62964D21B71DA56 /* GeminiDataSource.swift in Sources */ = {isa = PBXBuildFile; fileRef = B6AD6E56855D8563279DFBDE /* GeminiDataSource.swift */; };
		621C36442D567A5141CA6EC3 /* SampleUsageEventSource.swift in Sources */ = {isa = PBXBuildFile; fileRef = 32FFDC393D09AAA4F3380661 /* SampleUsageEventSource.swift */; };
		634C60248552B64CAD3CE084 /* PromptExamplesLoader.swift in Sources */ = {isa = PBXBuildFile; fileRef = FD2FC6E1235831C2973107D7 /* PromptExamplesLoader.swift */; };
		64EDCDE8CAB9D63E3863CBF8 /* IndexingStatusViews.swift in Sources */ = {isa = PBXBuildFile; fileRef = 0F7FC1F2B71FC837231EEBE0 /* IndexingStatusViews.swift */; };
		65F33C7F4A8B48B7DA186689 /* PromptBodyEditor.swift in Sources */ = {isa = PBXBuildFile; fileRef = AC238696F84C85AA63788187 /* PromptBodyEditor.swift */; };
		6718F80723BE5628928F184C /* session-fallback.jsonl in Resources */ = {isa = PBXBuildFile; fileRef = 3A0CD222F70EE05CEE9C9C80 /* session-fallback.jsonl */; };
		68B89BCAA87951FA4ABDA3C7 /* ClaudeDataSource.swift in Sources */ = {isa = PBXBuildFile; fileRef = 643841D9D69B2A60A5650793 /* ClaudeDataSource.swift */; };
		6C0F32B478656F6BEF315211 /* CodexDataSourceTests.swift in Sources */ = {isa = PBXBuildFile; fileRef = 6C5DF4DFE321B3489A789FE9 /* CodexDataSourceTests.swift */; };
		6CDD552DEF9928FD0DF07C10 /* ClaudeUsageParser.swift in Sources */ = {isa = PBXBuildFile; fileRef = 3A5D82467E14A2FA46005C55 /* ClaudeUsageParser.swift */; };
		6D1C1E23AE07A7F754AE94CF /* prompt-examples.json in Resources */ = {isa = PBXBuildFile; fileRef = 0C5B5EB19E9B93F9A1885A6E /* prompt-examples.json */; };
		6DA2464A64F11D48FF5857D2 /* GRDB in Frameworks */ = {isa = PBXBuildFile; productRef = BAAEE08434E29011554174AC /* GRDB */; };
		6E97E67DC9741A9CB9848210 /* RuntimeModelTests.swift in Sources */ = {isa = PBXBuildFile; fileRef = 4C7BE40D2F00FBB970910940 /* RuntimeModelTests.swift */; };
		6F8DC10321734E930A3A0212 /* RefreshTrigger.swift in Sources */ = {isa = PBXBuildFile; fileRef = 5286737BBBC13FC9DDD51A9E /* RefreshTrigger.swift */; };
		70A31C892E296F8E4AA57A31 /* OpenCodeUsageParserTests.swift in Sources */ = {isa = PBXBuildFile; fileRef = 760EDFDB66351F65724427BB /* OpenCodeUsageParserTests.swift */; };
		723FFC2D14E02466896C58E0 /* IndexRebuilderTests.swift in Sources */ = {isa = PBXBuildFile; fileRef = F825B75115C033F1C045795F /* IndexRebuilderTests.swift */; };
		74A040A74EC5071A60078314 /* PromptExtraction.swift in Sources */ = {isa = PBXBuildFile; fileRef = 65E8ACD36BC0E34A79B370BC /* PromptExtraction.swift */; };
		76746038BAFE253E4C52FF80 /* TokenBarCore.framework in Frameworks */ = {isa = PBXBuildFile; fileRef = CE68C5C4D63519C0D1AA1A2F /* TokenBarCore.framework */; };
		76B827F36B225ECD37A89A56 /* session-dedup.jsonl in Resources */ = {isa = PBXBuildFile; fileRef = EFFA4DA4641159394B954C4D /* session-dedup.jsonl */; };
		79318332A66F2D89F92539FD /* AppUpdateDownloader.swift in Sources */ = {isa = PBXBuildFile; fileRef = 624F951A8892C5D47A2756B5 /* AppUpdateDownloader.swift */; };
		7C7925BB179F309CABA96F2C /* Support.swift in Sources */ = {isa = PBXBuildFile; fileRef = AD741663A590583349753736 /* Support.swift */; };
		7CCCB7771BA4BF88521770B1 /* UsageEventSource.swift in Sources */ = {isa = PBXBuildFile; fileRef = 55E7F2B634B057D08DC38F52 /* UsageEventSource.swift */; };
		7DBD4DFAAB7EC462B5FF2F73 /* PromptTemplatePreview.swift in Sources */ = {isa = PBXBuildFile; fileRef = 3362EEE87EF933B6B7F89948 /* PromptTemplatePreview.swift */; };
		7E73E63FF98631D389670865 /* LibraryView.swift in Sources */ = {isa = PBXBuildFile; fileRef = C932DCFACE02474538C395FC /* LibraryView.swift */; };
		80BB1A1C8878170E69D47D81 /* WarpUsageEventSource.swift in Sources */ = {isa = PBXBuildFile; fileRef = 103E92D0A6415B26B1E28B1D /* WarpUsageEventSource.swift */; };
		824FE497577D861D7ACF4D4D /* PluginRegistryClient.swift in Sources */ = {isa = PBXBuildFile; fileRef = 2AA4A0890E48063F579F5DB7 /* PluginRegistryClient.swift */; };
		830D00A572B86E5C9FADA01D /* claude-session-valid.jsonl in Resources */ = {isa = PBXBuildFile; fileRef = 32B5CF428D5921BE8ECB1EAF /* claude-session-valid.jsonl */; };
		8AB1DEB0E6C721BB1A2F1610 /* OpenCodeDataSource.swift in Sources */ = {isa = PBXBuildFile; fileRef = 6B00B83D1FC9097D633231C7 /* OpenCodeDataSource.swift */; };
		8BF45CA0D83A70F1BDF53A9B /* PluginExecutableRunner.swift in Sources */ = {isa = PBXBuildFile; fileRef = AF1D514BC17CE0145D5691D9 /* PluginExecutableRunner.swift */; };
		8D7E0C75D918F6963D629A6E /* UpdateChecker.swift in Sources */ = {isa = PBXBuildFile; fileRef = 802ABA04E6478631EE612A6F /* UpdateChecker.swift */; };
		93C3365C8B3AA9C9E9DA1BD9 /* TokenBarRuntimeModel.swift in Sources */ = {isa = PBXBuildFile; fileRef = 1F2418887544EE623F247E42 /* TokenBarRuntimeModel.swift */; };
		A12F9C5D1478D5A1A856105D /* ClaudeUsageEventSource.swift in Sources */ = {isa = PBXBuildFile; fileRef = A74803C460CCB0DBDA00F761 /* ClaudeUsageEventSource.swift */; };
		A5608066D8E17BDC39914DA7 /* Sprint10PerfTests.swift in Sources */ = {isa = PBXBuildFile; fileRef = 8621DA3B89F27B97A415C272 /* Sprint10PerfTests.swift */; };
		A6FC60B95EE3C85F11DA26AE /* claude-session-empty.jsonl in Resources */ = {isa = PBXBuildFile; fileRef = E5096C7DC5AFF82933E1B7D6 /* claude-session-empty.jsonl */; };
		A767B69D9547BFE6315AE606 /* claude-session-malformed.jsonl in Resources */ = {isa = PBXBuildFile; fileRef = F9629A325D8D5C524742BF5A /* claude-session-malformed.jsonl */; };
		A816872EE167D08FB9C69E8B /* SavedPromptStoreTests.swift in Sources */ = {isa = PBXBuildFile; fileRef = 09DFD882EBD47868E553E77F /* SavedPromptStoreTests.swift */; };
		A89229C8D643BDD335F5448D /* PromptVariablePicker.swift in Sources */ = {isa = PBXBuildFile; fileRef = 929002F9E791F3FE00777E72 /* PromptVariablePicker.swift */; };
		AABD80E67A292249A1652C09 /* session-zero-counts.jsonl in Resources */ = {isa = PBXBuildFile; fileRef = A87D8537D4E3486C607656EF /* session-zero-counts.jsonl */; };
		AD4F7798EE62059801DAAFF9 /* SettingsStore.swift in Sources */ = {isa = PBXBuildFile; fileRef = 19C19BBA074D73447F892AFB /* SettingsStore.swift */; };
		AD8D5941F94B78FE7400BEC2 /* HermesUsageEventSource.swift in Sources */ = {isa = PBXBuildFile; fileRef = F326E42CA6CDFE9036C69CC2 /* HermesUsageEventSource.swift */; };
		AE1AB85CB6664416F1AA32E0 /* SavedPromptCommandSyncTests.swift in Sources */ = {isa = PBXBuildFile; fileRef = 5E9E1FD331DA3821F93F18A1 /* SavedPromptCommandSyncTests.swift */; };
		AED0C6B6541E2DAFAC22CFFE /* ProjectDetailView.swift in Sources */ = {isa = PBXBuildFile; fileRef = 30FBD783481E03850F6713AB /* ProjectDetailView.swift */; };
		AF9FF8081017FFB0A6956023 /* OpenClawDataSource.swift in Sources */ = {isa = PBXBuildFile; fileRef = 018014789378DE377F9BB0DE /* OpenClawDataSource.swift */; };
		B215F14B3C8CBE01D40ED335 /* Performance.swift in Sources */ = {isa = PBXBuildFile; fileRef = 57C1E929218F4A780FB7E51D /* Performance.swift */; };
		B22286C3DD2EB482E404D360 /* OpenClawUsageEventSource.swift in Sources */ = {isa = PBXBuildFile; fileRef = A060C64D41F8A6D7AA96A969 /* OpenClawUsageEventSource.swift */; };
		B3892D97A629E40AA8CF0C07 /* session-multi-model.json in Resources */ = {isa = PBXBuildFile; fileRef = 33A8A21792A072AF5A4A1840 /* session-multi-model.json */; };
		B7AB350D987A12E680E0D3F5 /* Sprint8StorageTests.swift in Sources */ = {isa = PBXBuildFile; fileRef = 90055EE0D8035B3D256EE361 /* Sprint8StorageTests.swift */; };
		B807565A157D24C3E980D74B /* PluginGalleryView.swift in Sources */ = {isa = PBXBuildFile; fileRef = 860A328B49FDEA6A429776D8 /* PluginGalleryView.swift */; };
		B89A76FB0B1AE8C7C1E8B263 /* SavedPromptCommand.swift in Sources */ = {isa = PBXBuildFile; fileRef = D9B148F57A8B58DB1832330D /* SavedPromptCommand.swift */; };
		B8CDF19581BBE78FE52398FD /* SettingsView.swift in Sources */ = {isa = PBXBuildFile; fileRef = C1801E11671AEE46809EA4DF /* SettingsView.swift */; };
		B96EF109FE693BBC042B2008 /* CodexDataSource.swift in Sources */ = {isa = PBXBuildFile; fileRef = A8D7D0940208FB972B748ADE /* CodexDataSource.swift */; };
		BA358A795E26A4A5A899975E /* WarningScenarioTests.swift in Sources */ = {isa = PBXBuildFile; fileRef = B8CAF38178F208EEAA36C084 /* WarningScenarioTests.swift */; };
		BADC4DBB7790A2D8A5019C7A /* TokenBarCore.framework in Embed Frameworks */ = {isa = PBXBuildFile; fileRef = CE68C5C4D63519C0D1AA1A2F /* TokenBarCore.framework */; settings = {ATTRIBUTES = (CodeSignOnCopy, RemoveHeadersOnCopy, ); }; };
		BDE7EC58DB434BC731455A30 /* ContentView.swift in Sources */ = {isa = PBXBuildFile; fileRef = 20B7464755AA27280E0EE84C /* ContentView.swift */; };
		C2EB4EF734E32CC8DE3543DD /* PromptTemplateLinterTests.swift in Sources */ = {isa = PBXBuildFile; fileRef = EE0152A458ED7AB993AD3E52 /* PromptTemplateLinterTests.swift */; };
		C4F3AC90F6E37A26FEDE393C /* UsageAggregator.swift in Sources */ = {isa = PBXBuildFile; fileRef = 7D7A40FAE174467B1F3B0D16 /* UsageAggregator.swift */; };
		C690C7ADF390C42BD6268959 /* TokenBarCore.framework in Frameworks */ = {isa = PBXBuildFile; fileRef = CE68C5C4D63519C0D1AA1A2F /* TokenBarCore.framework */; };
		C855F773ADF61DE12C87D0B6 /* AggregateCommands.swift in Sources */ = {isa = PBXBuildFile; fileRef = 785139EAFB43B35A42E4811E /* AggregateCommands.swift */; };
		CB8F494F7DED938C2480D7BC /* FixtureBundle.swift in Sources */ = {isa = PBXBuildFile; fileRef = 185A44011F9E5B62EDA4C90C /* FixtureBundle.swift */; };
		CB908011C05FCF7E197FB8FA /* TokenBarCore.framework in Frameworks */ = {isa = PBXBuildFile; fileRef = CE68C5C4D63519C0D1AA1A2F /* TokenBarCore.framework */; };
		CD6DAB3A102A46A57D6C6187 /* DiagnosticsView.swift in Sources */ = {isa = PBXBuildFile; fileRef = 338DE4158FF0A0B20EFE953B /* DiagnosticsView.swift */; };
		D1D3D49AC60BCE39F39FDDCE /* UsageModels.swift in Sources */ = {isa = PBXBuildFile; fileRef = 919D1347B2BBBC71C44329FC /* UsageModels.swift */; };
		D229333A7D0C07CA95D74B1E /* UsageRepository.swift in Sources */ = {isa = PBXBuildFile; fileRef = 3305CDF55991739679F3959B /* UsageRepository.swift */; };
		D35568575BE68E2DF161902E /* FileWatcher.swift in Sources */ = {isa = PBXBuildFile; fileRef = C335D6E272F8E4AA34EA3717 /* FileWatcher.swift */; };
		D48208810294A23F5AADAED7 /* Output.swift in Sources */ = {isa = PBXBuildFile; fileRef = D2D63C83D2E27F57E4F8EF28 /* Output.swift */; };
		D48FB902A10653102B4FEAA2 /* JSONLIncrementalReader.swift in Sources */ = {isa = PBXBuildFile; fileRef = F8764AEFAAA5663FDA6CD840 /* JSONLIncrementalReader.swift */; };
		D66AE7A0F647B4EE28F8C3DC /* PopoverSnapshot.swift in Sources */ = {isa = PBXBuildFile; fileRef = F6805529AA0F00C67907FFF0 /* PopoverSnapshot.swift */; };
		D6B45C240CC9AC865608C6DF /* claude-session-mega.jsonl in Resources */ = {isa = PBXBuildFile; fileRef = BFD76D93CAD9212DACBF79B1 /* claude-session-mega.jsonl */; };
		D76EC7EDCDDB27727476597E /* CheckpointEngineParallelTests.swift in Sources */ = {isa = PBXBuildFile; fileRef = 61E51B8EFA1F250BB8851304 /* CheckpointEngineParallelTests.swift */; };
		D7FE20B8B5D71A50CE17FA74 /* GRDB in Frameworks */ = {isa = PBXBuildFile; productRef = FA0941472B14413B69901763 /* GRDB */; };
		D88F4D0427F2D7D980FD52DF /* claude-session-day-boundary.jsonl in Resources */ = {isa = PBXBuildFile; fileRef = 78B66F467DE269E740E23548 /* claude-session-day-boundary.jsonl */; };
		DC101622E23EC913F58B9009 /* MetaCommands.swift in Sources */ = {isa = PBXBuildFile; fileRef = 762BA852FD58B520EC8D3EE6 /* MetaCommands.swift */; };
		DCB07C85AAAEA180E628E8D0 /* session-single-model.json in Resources */ = {isa = PBXBuildFile; fileRef = 78DAF68F567794C4B5B5EC83 /* session-single-model.json */; };
		DD8725CF370B910C83BF3A50 /* PluginManifest.swift in Sources */ = {isa = PBXBuildFile; fileRef = C777E31D12F1F2512C332AA4 /* PluginManifest.swift */; };
		DDB3AE6CE0B83B2A1CDE9B5B /* Sprint10P0Tests.swift in Sources */ = {isa = PBXBuildFile; fileRef = A2FA1D7C158B1F8EC47C1D45 /* Sprint10P0Tests.swift */; };
		DDBBCD4AADE4B30E6583F99C /* PluginSqliteReader.swift in Sources */ = {isa = PBXBuildFile; fileRef = B56E23430BC435E83E017F97 /* PluginSqliteReader.swift */; };
		DEEB891E641DA1D4AF882640 /* UsageStore.swift in Sources */ = {isa = PBXBuildFile; fileRef = FAD8276CB0DA9B13316F04F0 /* UsageStore.swift */; };
		E4E1807A7998E6E019358059 /* OpenClawUsageParser.swift in Sources */ = {isa = PBXBuildFile; fileRef = 7ABA214D8F3D82E52C801A5C /* OpenClawUsageParser.swift */; };
		E77686FD17187E170F2293A6 /* OpenCodeUsageEventSource.swift in Sources */ = {isa = PBXBuildFile; fileRef = 41542FC51C470B3D79FE5E27 /* OpenCodeUsageEventSource.swift */; };
		E78940BB111D14C7D025DDDA /* GeminiUsageParser.swift in Sources */ = {isa = PBXBuildFile; fileRef = 814D7254F7A442DE68A0BDAF /* GeminiUsageParser.swift */; };
		E873DAFE2639CBCE6D123F48 /* main.swift in Sources */ = {isa = PBXBuildFile; fileRef = 6ED86974B609F636DD84568C /* main.swift */; };
		E8F664A3170D4076DF3D0DCC /* ListCommands.swift in Sources */ = {isa = PBXBuildFile; fileRef = E1692308C539FFA5B3DDFB57 /* ListCommands.swift */; };
		EACE7763523E9439D3866958 /* NumberFormatting.swift in Sources */ = {isa = PBXBuildFile; fileRef = C9A0F6AEB885BCE6F103C31B /* NumberFormatting.swift */; };
		ED1F9D55FC88994235528356 /* SettingsStoreTests.swift in Sources */ = {isa = PBXBuildFile; fileRef = 83E9ECD7DE10A044CF683405 /* SettingsStoreTests.swift */; };
		F1369207724DC3439D36E295 /* CommandRegistry.swift in Sources */ = {isa = PBXBuildFile; fileRef = 5690CB2D54374228511B9A04 /* CommandRegistry.swift */; };
		F1A57BAEA5A12CF30F4F306E /* WarningScenario.swift in Sources */ = {isa = PBXBuildFile; fileRef = 77B5075D84490225A9132F0E /* WarningScenario.swift */; };
		F2BB2DEBE5F95204590F692A /* claude-session-negative.jsonl in Resources */ = {isa = PBXBuildFile; fileRef = 2A5473E6812342DEEFC40E1D /* claude-session-negative.jsonl */; };
		F399FF1D01A34853D855AAAC /* TokenBarStyle.swift in Sources */ = {isa = PBXBuildFile; fileRef = 6AF819579F4B51CD6A9BAADD /* TokenBarStyle.swift */; };
		F4671274DDC84F2C9F5AB501 /* ClaudeDataSourceTests.swift in Sources */ = {isa = PBXBuildFile; fileRef = 5863E6130F52FC6586240919 /* ClaudeDataSourceTests.swift */; };
		F5297FB3FFCAFEB8610E784A /* CodexUsageParser.swift in Sources */ = {isa = PBXBuildFile; fileRef = 2F16461F18B6D1E080434F42 /* CodexUsageParser.swift */; };
		F6075BE2F8843EF24DAF3C93 /* ShimmerModifier.swift in Sources */ = {isa = PBXBuildFile; fileRef = 7770B0E89506D75BB6790080 /* ShimmerModifier.swift */; };
		F86CBC87B5907E3889D79CDC /* PluginSystemTests.swift in Sources */ = {isa = PBXBuildFile; fileRef = 258FA144E32653FD43395BCF /* PluginSystemTests.swift */; };
		F8DCB69FE8CC92867876F43E /* SavedPromptCommandSync.swift in Sources */ = {isa = PBXBuildFile; fileRef = 8684DB129AEB46973A0C6377 /* SavedPromptCommandSync.swift */; };
		F9CBD82BCF1A6914DF05C097 /* CodexUsageParserTests.swift in Sources */ = {isa = PBXBuildFile; fileRef = E75B1288B8D585AEA0B93A43 /* CodexUsageParserTests.swift */; };
		FC35013B2A3F8AFCCFA82D3D /* ClaudeUsageParserTests.swift in Sources */ = {isa = PBXBuildFile; fileRef = 992944677EE64C6EC8F28603 /* ClaudeUsageParserTests.swift */; };
		FCD9AE624DBB218988B0529B /* TokenBarMainRoute.swift in Sources */ = {isa = PBXBuildFile; fileRef = 85496493F2FFE8F42441C1F6 /* TokenBarMainRoute.swift */; };
		FCE482CB83B0D0BA17FFF2EE /* BuiltInSources.swift in Sources */ = {isa = PBXBuildFile; fileRef = BBD71284044C8CD7A5D764E2 /* BuiltInSources.swift */; };
		FCF76588DFB8ED5B46C9A224 /* PromptTemplatePreviewPane.swift in Sources */ = {isa = PBXBuildFile; fileRef = D13104767913D669739F74BD /* PromptTemplatePreviewPane.swift */; };
/* End PBXBuildFile section */

/* Begin PBXContainerItemProxy section */
		709ED91EC1D20617354B1C13 /* PBXContainerItemProxy */ = {
			isa = PBXContainerItemProxy;
			containerPortal = 44B698EF186DAD718BD40ADE /* Project object */;
			proxyType = 1;
			remoteGlobalIDString = 6AB58245F26765B1B2BD0FEB;
			remoteInfo = TokenBarCore;
		};
		74C76C6C44C4F70E8D9EDE2E /* PBXContainerItemProxy */ = {
			isa = PBXContainerItemProxy;
			containerPortal = 44B698EF186DAD718BD40ADE /* Project object */;
			proxyType = 1;
			remoteGlobalIDString = 6AB58245F26765B1B2BD0FEB;
			remoteInfo = TokenBarCore;
		};
		8F0C497002C68E01AC41EEAC /* PBXContainerItemProxy */ = {
			isa = PBXContainerItemProxy;
			containerPortal = 44B698EF186DAD718BD40ADE /* Project object */;
			proxyType = 1;
			remoteGlobalIDString = 6AB58245F26765B1B2BD0FEB;
			remoteInfo = TokenBarCore;
		};
		CB133379FE2ED7FDC170D696 /* PBXContainerItemProxy */ = {
			isa = PBXContainerItemProxy;
			containerPortal = 44B698EF186DAD718BD40ADE /* Project object */;
			proxyType = 1;
			remoteGlobalIDString = 6AB58245F26765B1B2BD0FEB;
			remoteInfo = TokenBarCore;
		};
/* End PBXContainerItemProxy section */

/* Begin PBXCopyFilesBuildPhase section */
		56E6C0EBC698D3F5AD9D8F63 /* Embed Frameworks */ = {
			isa = PBXCopyFilesBuildPhase;
			buildActionMask = 2147483647;
			dstPath = "";
			dstSubfolderSpec = 10;
			files = (
				BADC4DBB7790A2D8A5019C7A /* TokenBarCore.framework in Embed Frameworks */,
			);
			name = "Embed Frameworks";
			runOnlyForDeploymentPostprocessing = 0;
		};
		F5274FB70F6C42B2CB994D92 /* Embed Frameworks */ = {
			isa = PBXCopyFilesBuildPhase;
			buildActionMask = 2147483647;
			dstPath = "";
			dstSubfolderSpec = 10;
			files = (
				2C0A567C4F523E5E6C22B9F5 /* TokenBarCore.framework in Embed Frameworks */,
			);
			name = "Embed Frameworks";
			runOnlyForDeploymentPostprocessing = 0;
		};
/* End PBXCopyFilesBuildPhase section */

/* Begin PBXFileReference section */
		018014789378DE377F9BB0DE /* OpenClawDataSource.swift */ = {isa = PBXFileReference; lastKnownFileType = sourcecode.swift; path = OpenClawDataSource.swift; sourceTree = "<group>"; };
		09D444A9CB79C36F03941643 /* session-valid.jsonl */ = {isa = PBXFileReference; path = "session-valid.jsonl"; sourceTree = "<group>"; };
		09DFD882EBD47868E553E77F /* SavedPromptStoreTests.swift */ = {isa = PBXFileReference; lastKnownFileType = sourcecode.swift; path = SavedPromptStoreTests.swift; sourceTree = "<group>"; };
		0C204E1A6B74185FF917C019 /* session-very-long-line.jsonl */ = {isa = PBXFileReference; path = "session-very-long-line.jsonl"; sourceTree = "<group>"; };
		0C5B5EB19E9B93F9A1885A6E /* prompt-examples.json */ = {isa = PBXFileReference; lastKnownFileType = text.json; path = "prompt-examples.json"; sourceTree = "<group>"; };
		0F7FC1F2B71FC837231EEBE0 /* IndexingStatusViews.swift */ = {isa = PBXFileReference; lastKnownFileType = sourcecode.swift; path = IndexingStatusViews.swift; sourceTree = "<group>"; };
		103E92D0A6415B26B1E28B1D /* WarpUsageEventSource.swift */ = {isa = PBXFileReference; lastKnownFileType = sourcecode.swift; path = WarpUsageEventSource.swift; sourceTree = "<group>"; };
		137225CF079EBD0F6D69FDDE /* WarpUsageParser.swift */ = {isa = PBXFileReference; lastKnownFileType = sourcecode.swift; path = WarpUsageParser.swift; sourceTree = "<group>"; };
		185A44011F9E5B62EDA4C90C /* FixtureBundle.swift */ = {isa = PBXFileReference; lastKnownFileType = sourcecode.swift; path = FixtureBundle.swift; sourceTree = "<group>"; };
		19C19BBA074D73447F892AFB /* SettingsStore.swift */ = {isa = PBXFileReference; lastKnownFileType = sourcecode.swift; path = SettingsStore.swift; sourceTree = "<group>"; };
		1EBEA84048CA9EABE8D68CF3 /* PluginManager.swift */ = {isa = PBXFileReference; lastKnownFileType = sourcecode.swift; path = PluginManager.swift; sourceTree = "<group>"; };
		1F2418887544EE623F247E42 /* TokenBarRuntimeModel.swift */ = {isa = PBXFileReference; lastKnownFileType = sourcecode.swift; path = TokenBarRuntimeModel.swift; sourceTree = "<group>"; };
		20B7464755AA27280E0EE84C /* ContentView.swift */ = {isa = PBXFileReference; lastKnownFileType = sourcecode.swift; path = ContentView.swift; sourceTree = "<group>"; };
		214AE80317DD881CA7F55270 /* CheckpointEngine.swift */ = {isa = PBXFileReference; lastKnownFileType = sourcecode.swift; path = CheckpointEngine.swift; sourceTree = "<group>"; };
		24EA28A98B03F968999EE70C /* ArgumentCursor.swift */ = {isa = PBXFileReference; lastKnownFileType = sourcecode.swift; path = ArgumentCursor.swift; sourceTree = "<group>"; };
		258FA144E32653FD43395BCF /* PluginSystemTests.swift */ = {isa = PBXFileReference; lastKnownFileType = sourcecode.swift; path = PluginSystemTests.swift; sourceTree = "<group>"; };
		2A5473E6812342DEEFC40E1D /* claude-session-negative.jsonl */ = {isa = PBXFileReference; path = "claude-session-negative.jsonl"; sourceTree = "<group>"; };
		2AA4A0890E48063F579F5DB7 /* PluginRegistryClient.swift */ = {isa = PBXFileReference; lastKnownFileType = sourcecode.swift; path = PluginRegistryClient.swift; sourceTree = "<group>"; };
		2E0199F0D8EFAC5FAEFCE323 /* DiscoveryCache.swift */ = {isa = PBXFileReference; lastKnownFileType = sourcecode.swift; path = DiscoveryCache.swift; sourceTree = "<group>"; };
		2F16461F18B6D1E080434F42 /* CodexUsageParser.swift */ = {isa = PBXFileReference; lastKnownFileType = sourcecode.swift; path = CodexUsageParser.swift; sourceTree = "<group>"; };
		30FBD783481E03850F6713AB /* ProjectDetailView.swift */ = {isa = PBXFileReference; lastKnownFileType = sourcecode.swift; path = ProjectDetailView.swift; sourceTree = "<group>"; };
		31D12696CE05F7AECE31A8E5 /* EventCommands.swift */ = {isa = PBXFileReference; lastKnownFileType = sourcecode.swift; path = EventCommands.swift; sourceTree = "<group>"; };
		32B5CF428D5921BE8ECB1EAF /* claude-session-valid.jsonl */ = {isa = PBXFileReference; path = "claude-session-valid.jsonl"; sourceTree = "<group>"; };
		32FFDC393D09AAA4F3380661 /* SampleUsageEventSource.swift */ = {isa = PBXFileReference; lastKnownFileType = sourcecode.swift; path = SampleUsageEventSource.swift; sourceTree = "<group>"; };
		3305CDF55991739679F3959B /* UsageRepository.swift */ = {isa = PBXFileReference; lastKnownFileType = sourcecode.swift; path = UsageRepository.swift; sourceTree = "<group>"; };
		3362EEE87EF933B6B7F89948 /* PromptTemplatePreview.swift */ = {isa = PBXFileReference; lastKnownFileType = sourcecode.swift; path = PromptTemplatePreview.swift; sourceTree = "<group>"; };
		338DE4158FF0A0B20EFE953B /* DiagnosticsView.swift */ = {isa = PBXFileReference; lastKnownFileType = sourcecode.swift; path = DiagnosticsView.swift; sourceTree = "<group>"; };
		33A8A21792A072AF5A4A1840 /* session-multi-model.json */ = {isa = PBXFileReference; lastKnownFileType = text.json; path = "session-multi-model.json"; sourceTree = "<group>"; };
		35DC12B39C2C797A5F63DECB /* Filters.swift */ = {isa = PBXFileReference; lastKnownFileType = sourcecode.swift; path = Filters.swift; sourceTree = "<group>"; };
		3A0CD222F70EE05CEE9C9C80 /* session-fallback.jsonl */ = {isa = PBXFileReference; path = "session-fallback.jsonl"; sourceTree = "<group>"; };
		3A5D82467E14A2FA46005C55 /* ClaudeUsageParser.swift */ = {isa = PBXFileReference; lastKnownFileType = sourcecode.swift; path = ClaudeUsageParser.swift; sourceTree = "<group>"; };
		3B8FF89F768851A8BFB6A6B4 /* Entry.swift */ = {isa = PBXFileReference; lastKnownFileType = sourcecode.swift; path = Entry.swift; sourceTree = "<group>"; };
		3CB81B998E274AB1DF728489 /* session-overflow.jsonl */ = {isa = PBXFileReference; path = "session-overflow.jsonl"; sourceTree = "<group>"; };
		41542FC51C470B3D79FE5E27 /* OpenCodeUsageEventSource.swift */ = {isa = PBXFileReference; lastKnownFileType = sourcecode.swift; path = OpenCodeUsageEventSource.swift; sourceTree = "<group>"; };
		4928DC72DB17512B06F60B6F /* AppDelegate.swift */ = {isa = PBXFileReference; lastKnownFileType = sourcecode.swift; path = AppDelegate.swift; sourceTree = "<group>"; };
		4C13449493237EABD59A2B81 /* RebuildCommand.swift */ = {isa = PBXFileReference; lastKnownFileType = sourcecode.swift; path = RebuildCommand.swift; sourceTree = "<group>"; };
		4C7BE40D2F00FBB970910940 /* RuntimeModelTests.swift */ = {isa = PBXFileReference; lastKnownFileType = sourcecode.swift; path = RuntimeModelTests.swift; sourceTree = "<group>"; };
		5286737BBBC13FC9DDD51A9E /* RefreshTrigger.swift */ = {isa = PBXFileReference; lastKnownFileType = sourcecode.swift; path = RefreshTrigger.swift; sourceTree = "<group>"; };
		55E7F2B634B057D08DC38F52 /* UsageEventSource.swift */ = {isa = PBXFileReference; lastKnownFileType = sourcecode.swift; path = UsageEventSource.swift; sourceTree = "<group>"; };
		5690CB2D54374228511B9A04 /* CommandRegistry.swift */ = {isa = PBXFileReference; lastKnownFileType = sourcecode.swift; path = CommandRegistry.swift; sourceTree = "<group>"; };
		57C1E929218F4A780FB7E51D /* Performance.swift */ = {isa = PBXFileReference; lastKnownFileType = sourcecode.swift; path = Performance.swift; sourceTree = "<group>"; };
		5863E6130F52FC6586240919 /* ClaudeDataSourceTests.swift */ = {isa = PBXFileReference; lastKnownFileType = sourcecode.swift; path = ClaudeDataSourceTests.swift; sourceTree = "<group>"; };
		59FF02D649035CCD9095EB47 /* UsageDatabase.swift */ = {isa = PBXFileReference; lastKnownFileType = sourcecode.swift; path = UsageDatabase.swift; sourceTree = "<group>"; };
		5E9E1FD331DA3821F93F18A1 /* SavedPromptCommandSyncTests.swift */ = {isa = PBXFileReference; lastKnownFileType = sourcecode.swift; path = SavedPromptCommandSyncTests.swift; sourceTree = "<group>"; };
		6127B31ADF0D7B1BBA11F078 /* RuntimeModels.swift */ = {isa = PBXFileReference; lastKnownFileType = sourcecode.swift; path = RuntimeModels.swift; sourceTree = "<group>"; };
		61E51B8EFA1F250BB8851304 /* CheckpointEngineParallelTests.swift */ = {isa = PBXFileReference; lastKnownFileType = sourcecode.swift; path = CheckpointEngineParallelTests.swift; sourceTree = "<group>"; };
		624F951A8892C5D47A2756B5 /* AppUpdateDownloader.swift */ = {isa = PBXFileReference; lastKnownFileType = sourcecode.swift; path = AppUpdateDownloader.swift; sourceTree = "<group>"; };
		643841D9D69B2A60A5650793 /* ClaudeDataSource.swift */ = {isa = PBXFileReference; lastKnownFileType = sourcecode.swift; path = ClaudeDataSource.swift; sourceTree = "<group>"; };
		65E8ACD36BC0E34A79B370BC /* PromptExtraction.swift */ = {isa = PBXFileReference; lastKnownFileType = sourcecode.swift; path = PromptExtraction.swift; sourceTree = "<group>"; };
		6777696CA6F3021A247FD109 /* claude-session-unicode-cwd.jsonl */ = {isa = PBXFileReference; path = "claude-session-unicode-cwd.jsonl"; sourceTree = "<group>"; };
		6AF819579F4B51CD6A9BAADD /* TokenBarStyle.swift */ = {isa = PBXFileReference; lastKnownFileType = sourcecode.swift; path = TokenBarStyle.swift; sourceTree = "<group>"; };
		6B00B83D1FC9097D633231C7 /* OpenCodeDataSource.swift */ = {isa = PBXFileReference; lastKnownFileType = sourcecode.swift; path = OpenCodeDataSource.swift; sourceTree = "<group>"; };
		6C5DF4DFE321B3489A789FE9 /* CodexDataSourceTests.swift */ = {isa = PBXFileReference; lastKnownFileType = sourcecode.swift; path = CodexDataSourceTests.swift; sourceTree = "<group>"; };
		6DC78E73F4D845295786B912 /* PopoverView.swift */ = {isa = PBXFileReference; lastKnownFileType = sourcecode.swift; path = PopoverView.swift; sourceTree = "<group>"; };
		6ED86974B609F636DD84568C /* main.swift */ = {isa = PBXFileReference; lastKnownFileType = sourcecode.swift; path = main.swift; sourceTree = "<group>"; };
		6EDB4143AC8836797A3F652F /* TokenBarCLI */ = {isa = PBXFileReference; includeInIndex = 0; path = TokenBarCLI; sourceTree = BUILT_PRODUCTS_DIR; };
		75C3B255B13DB3ECD7A1279D /* en */ = {isa = PBXFileReference; lastKnownFileType = text.plist.strings; name = en; path = en.lproj/Localizable.strings; sourceTree = "<group>"; };
		760EDFDB66351F65724427BB /* OpenCodeUsageParserTests.swift */ = {isa = PBXFileReference; lastKnownFileType = sourcecode.swift; path = OpenCodeUsageParserTests.swift; sourceTree = "<group>"; };
		762BA852FD58B520EC8D3EE6 /* MetaCommands.swift */ = {isa = PBXFileReference; lastKnownFileType = sourcecode.swift; path = MetaCommands.swift; sourceTree = "<group>"; };
		7770B0E89506D75BB6790080 /* ShimmerModifier.swift */ = {isa = PBXFileReference; lastKnownFileType = sourcecode.swift; path = ShimmerModifier.swift; sourceTree = "<group>"; };
		7793CB76AAD8722029F32DA2 /* PromptTemplateLinter.swift */ = {isa = PBXFileReference; lastKnownFileType = sourcecode.swift; path = PromptTemplateLinter.swift; sourceTree = "<group>"; };
		77B5075D84490225A9132F0E /* WarningScenario.swift */ = {isa = PBXFileReference; lastKnownFileType = sourcecode.swift; path = WarningScenario.swift; sourceTree = "<group>"; };
		785139EAFB43B35A42E4811E /* AggregateCommands.swift */ = {isa = PBXFileReference; lastKnownFileType = sourcecode.swift; path = AggregateCommands.swift; sourceTree = "<group>"; };
		78B66F467DE269E740E23548 /* claude-session-day-boundary.jsonl */ = {isa = PBXFileReference; path = "claude-session-day-boundary.jsonl"; sourceTree = "<group>"; };
		78DAF68F567794C4B5B5EC83 /* session-single-model.json */ = {isa = PBXFileReference; lastKnownFileType = text.json; path = "session-single-model.json"; sourceTree = "<group>"; };
		7ABA214D8F3D82E52C801A5C /* OpenClawUsageParser.swift */ = {isa = PBXFileReference; lastKnownFileType = sourcecode.swift; path = OpenClawUsageParser.swift; sourceTree = "<group>"; };
		7D7A40FAE174467B1F3B0D16 /* UsageAggregator.swift */ = {isa = PBXFileReference; lastKnownFileType = sourcecode.swift; path = UsageAggregator.swift; sourceTree = "<group>"; };
		7F12D409505D9F466E26674C /* IndexRebuilder.swift */ = {isa = PBXFileReference; lastKnownFileType = sourcecode.swift; path = IndexRebuilder.swift; sourceTree = "<group>"; };
		7FCEBB531CF14BB13D5A42F7 /* TokenBarTests.xctest */ = {isa = PBXFileReference; explicitFileType = wrapper.cfbundle; includeInIndex = 0; path = TokenBarTests.xctest; sourceTree = BUILT_PRODUCTS_DIR; };
		802ABA04E6478631EE612A6F /* UpdateChecker.swift */ = {isa = PBXFileReference; lastKnownFileType = sourcecode.swift; path = UpdateChecker.swift; sourceTree = "<group>"; };
		814D7254F7A442DE68A0BDAF /* GeminiUsageParser.swift */ = {isa = PBXFileReference; lastKnownFileType = sourcecode.swift; path = GeminiUsageParser.swift; sourceTree = "<group>"; };
		8350DE0668F07E1A23EFC9F4 /* Sprint9IncrementalTests.swift */ = {isa = PBXFileReference; lastKnownFileType = sourcecode.swift; path = Sprint9IncrementalTests.swift; sourceTree = "<group>"; };
		83E9ECD7DE10A044CF683405 /* SettingsStoreTests.swift */ = {isa = PBXFileReference; lastKnownFileType = sourcecode.swift; path = SettingsStoreTests.swift; sourceTree = "<group>"; };
		84ED46F5F5614A4628F27FFC /* PromptTemplatePreviewTests.swift */ = {isa = PBXFileReference; lastKnownFileType = sourcecode.swift; path = PromptTemplatePreviewTests.swift; sourceTree = "<group>"; };
		85496493F2FFE8F42441C1F6 /* TokenBarMainRoute.swift */ = {isa = PBXFileReference; lastKnownFileType = sourcecode.swift; path = TokenBarMainRoute.swift; sourceTree = "<group>"; };
		858A48189BE5DDF327B3EDD0 /* session-malformed.jsonl */ = {isa = PBXFileReference; path = "session-malformed.jsonl"; sourceTree = "<group>"; };
		860A328B49FDEA6A429776D8 /* PluginGalleryView.swift */ = {isa = PBXFileReference; lastKnownFileType = sourcecode.swift; path = PluginGalleryView.swift; sourceTree = "<group>"; };
		8621DA3B89F27B97A415C272 /* Sprint10PerfTests.swift */ = {isa = PBXFileReference; lastKnownFileType = sourcecode.swift; path = Sprint10PerfTests.swift; sourceTree = "<group>"; };
		8657BEDEB107A54CD103ED0A /* ParserTypes.swift */ = {isa = PBXFileReference; lastKnownFileType = sourcecode.swift; path = ParserTypes.swift; sourceTree = "<group>"; };
		8684DB129AEB46973A0C6377 /* SavedPromptCommandSync.swift */ = {isa = PBXFileReference; lastKnownFileType = sourcecode.swift; path = SavedPromptCommandSync.swift; sourceTree = "<group>"; };
		88E72B0E28BA176B815BA2C9 /* Assets.xcassets */ = {isa = PBXFileReference; lastKnownFileType = folder.assetcatalog; path = Assets.xcassets; sourceTree = "<group>"; };
		8B2E4D0610C08E69AEB81F10 /* claude-session-zero.jsonl */ = {isa = PBXFileReference; path = "claude-session-zero.jsonl"; sourceTree = "<group>"; };
		8BBC62FE5D2214DAA868B40E /* session-model-context.jsonl */ = {isa = PBXFileReference; path = "session-model-context.jsonl"; sourceTree = "<group>"; };
		90055EE0D8035B3D256EE361 /* Sprint8StorageTests.swift */ = {isa = PBXFileReference; lastKnownFileType = sourcecode.swift; path = Sprint8StorageTests.swift; sourceTree = "<group>"; };
		919D1347B2BBBC71C44329FC /* UsageModels.swift */ = {isa = PBXFileReference; lastKnownFileType = sourcecode.swift; path = UsageModels.swift; sourceTree = "<group>"; };
		929002F9E791F3FE00777E72 /* PromptVariablePicker.swift */ = {isa = PBXFileReference; lastKnownFileType = sourcecode.swift; path = PromptVariablePicker.swift; sourceTree = "<group>"; };
		95322CB20E0BEB0733741D67 /* TokenNormalizer.swift */ = {isa = PBXFileReference; lastKnownFileType = sourcecode.swift; path = TokenNormalizer.swift; sourceTree = "<group>"; };
		98C0AAB42EE381A923F00048 /* WarpUsageParserTests.swift */ = {isa = PBXFileReference; lastKnownFileType = sourcecode.swift; path = WarpUsageParserTests.swift; sourceTree = "<group>"; };
		992944677EE64C6EC8F28603 /* ClaudeUsageParserTests.swift */ = {isa = PBXFileReference; lastKnownFileType = sourcecode.swift; path = ClaudeUsageParserTests.swift; sourceTree = "<group>"; };
		9E0D668C114B1D19E73AFBD1 /* TokenBarApp.swift */ = {isa = PBXFileReference; lastKnownFileType = sourcecode.swift; path = TokenBarApp.swift; sourceTree = "<group>"; };
		A060C64D41F8A6D7AA96A969 /* OpenClawUsageEventSource.swift */ = {isa = PBXFileReference; lastKnownFileType = sourcecode.swift; path = OpenClawUsageEventSource.swift; sourceTree = "<group>"; };
		A21A75E49D97E2D9072E96CF /* IndexingResourceThrottle.swift */ = {isa = PBXFileReference; lastKnownFileType = sourcecode.swift; path = IndexingResourceThrottle.swift; sourceTree = "<group>"; };
		A2FA1D7C158B1F8EC47C1D45 /* Sprint10P0Tests.swift */ = {isa = PBXFileReference; lastKnownFileType = sourcecode.swift; path = Sprint10P0Tests.swift; sourceTree = "<group>"; };
		A3782F953AB6E25D9D5A76C5 /* TokenBarProbe */ = {isa = PBXFileReference; includeInIndex = 0; path = TokenBarProbe; sourceTree = BUILT_PRODUCTS_DIR; };
		A743CA750D3CFE4FC91B4BCC /* CustomSources.swift */ = {isa = PBXFileReference; lastKnownFileType = sourcecode.swift; path = CustomSources.swift; sourceTree = "<group>"; };
		A74803C460CCB0DBDA00F761 /* ClaudeUsageEventSource.swift */ = {isa = PBXFileReference; lastKnownFileType = sourcecode.swift; path = ClaudeUsageEventSource.swift; sourceTree = "<group>"; };
		A7ADFB8A8AC26404801D4CB4 /* zh-Hans */ = {isa = PBXFileReference; lastKnownFileType = text.plist.strings; name = "zh-Hans"; path = "zh-Hans.lproj/Localizable.strings"; sourceTree = "<group>"; };
		A87D8537D4E3486C607656EF /* session-zero-counts.jsonl */ = {isa = PBXFileReference; path = "session-zero-counts.jsonl"; sourceTree = "<group>"; };
		A8D7D0940208FB972B748ADE /* CodexDataSource.swift */ = {isa = PBXFileReference; lastKnownFileType = sourcecode.swift; path = CodexDataSource.swift; sourceTree = "<group>"; };
		AC238696F84C85AA63788187 /* PromptBodyEditor.swift */ = {isa = PBXFileReference; lastKnownFileType = sourcecode.swift; path = PromptBodyEditor.swift; sourceTree = "<group>"; };
		AD741663A590583349753736 /* Support.swift */ = {isa = PBXFileReference; lastKnownFileType = sourcecode.swift; path = Support.swift; sourceTree = "<group>"; };
		AF1D514BC17CE0145D5691D9 /* PluginExecutableRunner.swift */ = {isa = PBXFileReference; lastKnownFileType = sourcecode.swift; path = PluginExecutableRunner.swift; sourceTree = "<group>"; };
		B56E23430BC435E83E017F97 /* PluginSqliteReader.swift */ = {isa = PBXFileReference; lastKnownFileType = sourcecode.swift; path = PluginSqliteReader.swift; sourceTree = "<group>"; };
		B6AD6E56855D8563279DFBDE /* GeminiDataSource.swift */ = {isa = PBXFileReference; lastKnownFileType = sourcecode.swift; path = GeminiDataSource.swift; sourceTree = "<group>"; };
		B8CAF38178F208EEAA36C084 /* WarningScenarioTests.swift */ = {isa = PBXFileReference; lastKnownFileType = sourcecode.swift; path = WarningScenarioTests.swift; sourceTree = "<group>"; };
		BBD71284044C8CD7A5D764E2 /* BuiltInSources.swift */ = {isa = PBXFileReference; lastKnownFileType = sourcecode.swift; path = BuiltInSources.swift; sourceTree = "<group>"; };
		BFD76D93CAD9212DACBF79B1 /* claude-session-mega.jsonl */ = {isa = PBXFileReference; path = "claude-session-mega.jsonl"; sourceTree = "<group>"; };
		C1801E11671AEE46809EA4DF /* SettingsView.swift */ = {isa = PBXFileReference; lastKnownFileType = sourcecode.swift; path = SettingsView.swift; sourceTree = "<group>"; };
		C335D6E272F8E4AA34EA3717 /* FileWatcher.swift */ = {isa = PBXFileReference; lastKnownFileType = sourcecode.swift; path = FileWatcher.swift; sourceTree = "<group>"; };
		C6437D03BB0B04953688295F /* JSONLWatermarkLoader.swift */ = {isa = PBXFileReference; lastKnownFileType = sourcecode.swift; path = JSONLWatermarkLoader.swift; sourceTree = "<group>"; };
		C777E31D12F1F2512C332AA4 /* PluginManifest.swift */ = {isa = PBXFileReference; lastKnownFileType = sourcecode.swift; path = PluginManifest.swift; sourceTree = "<group>"; };
		C932DCFACE02474538C395FC /* LibraryView.swift */ = {isa = PBXFileReference; lastKnownFileType = sourcecode.swift; path = LibraryView.swift; sourceTree = "<group>"; };
		C9A0F6AEB885BCE6F103C31B /* NumberFormatting.swift */ = {isa = PBXFileReference; lastKnownFileType = sourcecode.swift; path = NumberFormatting.swift; sourceTree = "<group>"; };
		CE68C5C4D63519C0D1AA1A2F /* TokenBarCore.framework */ = {isa = PBXFileReference; explicitFileType = wrapper.framework; includeInIndex = 0; path = TokenBarCore.framework; sourceTree = BUILT_PRODUCTS_DIR; };
		CF53CB1511229F700A81202C /* de */ = {isa = PBXFileReference; lastKnownFileType = text.plist.strings; name = de; path = de.lproj/Localizable.strings; sourceTree = "<group>"; };
		D13104767913D669739F74BD /* PromptTemplatePreviewPane.swift */ = {isa = PBXFileReference; lastKnownFileType = sourcecode.swift; path = PromptTemplatePreviewPane.swift; sourceTree = "<group>"; };
		D2D63C83D2E27F57E4F8EF28 /* Output.swift */ = {isa = PBXFileReference; lastKnownFileType = sourcecode.swift; path = Output.swift; sourceTree = "<group>"; };
		D5DC9D8F6E2AB2712DA31A30 /* OpenCodeUsageParser.swift */ = {isa = PBXFileReference; lastKnownFileType = sourcecode.swift; path = OpenCodeUsageParser.swift; sourceTree = "<group>"; };
		D9B148F57A8B58DB1832330D /* SavedPromptCommand.swift */ = {isa = PBXFileReference; lastKnownFileType = sourcecode.swift; path = SavedPromptCommand.swift; sourceTree = "<group>"; };
		E15456AA376C9D15A280DE88 /* Aggregation.swift */ = {isa = PBXFileReference; lastKnownFileType = sourcecode.swift; path = Aggregation.swift; sourceTree = "<group>"; };
		E1692308C539FFA5B3DDFB57 /* ListCommands.swift */ = {isa = PBXFileReference; lastKnownFileType = sourcecode.swift; path = ListCommands.swift; sourceTree = "<group>"; };
		E19D865817948FECB87959BE /* SampleUsageProvider.swift */ = {isa = PBXFileReference; lastKnownFileType = sourcecode.swift; path = SampleUsageProvider.swift; sourceTree = "<group>"; };
		E1E82A1EE46FD1E7637C3943 /* TokenBar.app */ = {isa = PBXFileReference; explicitFileType = wrapper.application; includeInIndex = 0; path = TokenBar.app; sourceTree = BUILT_PRODUCTS_DIR; };
		E342380D90467993BBA363FE /* SavedPromptEditorView.swift */ = {isa = PBXFileReference; lastKnownFileType = sourcecode.swift; path = SavedPromptEditorView.swift; sourceTree = "<group>"; };
		E5096C7DC5AFF82933E1B7D6 /* claude-session-empty.jsonl */ = {isa = PBXFileReference; path = "claude-session-empty.jsonl"; sourceTree = "<group>"; };
		E574733DE36842180608F4DD /* LibraryGraphViews.swift */ = {isa = PBXFileReference; lastKnownFileType = sourcecode.swift; path = LibraryGraphViews.swift; sourceTree = "<group>"; };
		E75B1288B8D585AEA0B93A43 /* CodexUsageParserTests.swift */ = {isa = PBXFileReference; lastKnownFileType = sourcecode.swift; path = CodexUsageParserTests.swift; sourceTree = "<group>"; };
		E83F475A009E998ECA9D0157 /* CodexUsageEventSource.swift */ = {isa = PBXFileReference; lastKnownFileType = sourcecode.swift; path = CodexUsageEventSource.swift; sourceTree = "<group>"; };
		E85948FF80F189F5F0CC325C /* GeminiUsageEventSource.swift */ = {isa = PBXFileReference; lastKnownFileType = sourcecode.swift; path = GeminiUsageEventSource.swift; sourceTree = "<group>"; };
		EDC0BC3DD8B0701650C6B0C9 /* SavedPromptsListView.swift */ = {isa = PBXFileReference; lastKnownFileType = sourcecode.swift; path = SavedPromptsListView.swift; sourceTree = "<group>"; };
		EE0152A458ED7AB993AD3E52 /* PromptTemplateLinterTests.swift */ = {isa = PBXFileReference; lastKnownFileType = sourcecode.swift; path = PromptTemplateLinterTests.swift; sourceTree = "<group>"; };
		EFFA4DA4641159394B954C4D /* session-dedup.jsonl */ = {isa = PBXFileReference; path = "session-dedup.jsonl"; sourceTree = "<group>"; };
		F326E42CA6CDFE9036C69CC2 /* HermesUsageEventSource.swift */ = {isa = PBXFileReference; lastKnownFileType = sourcecode.swift; path = HermesUsageEventSource.swift; sourceTree = "<group>"; };
		F6805529AA0F00C67907FFF0 /* PopoverSnapshot.swift */ = {isa = PBXFileReference; lastKnownFileType = sourcecode.swift; path = PopoverSnapshot.swift; sourceTree = "<group>"; };
		F825B75115C033F1C045795F /* IndexRebuilderTests.swift */ = {isa = PBXFileReference; lastKnownFileType = sourcecode.swift; path = IndexRebuilderTests.swift; sourceTree = "<group>"; };
		F8764AEFAAA5663FDA6CD840 /* JSONLIncrementalReader.swift */ = {isa = PBXFileReference; lastKnownFileType = sourcecode.swift; path = JSONLIncrementalReader.swift; sourceTree = "<group>"; };
		F9629A325D8D5C524742BF5A /* claude-session-malformed.jsonl */ = {isa = PBXFileReference; path = "claude-session-malformed.jsonl"; sourceTree = "<group>"; };
		FAD8276CB0DA9B13316F04F0 /* UsageStore.swift */ = {isa = PBXFileReference; lastKnownFileType = sourcecode.swift; path = UsageStore.swift; sourceTree = "<group>"; };
		FD2FC6E1235831C2973107D7 /* PromptExamplesLoader.swift */ = {isa = PBXFileReference; lastKnownFileType = sourcecode.swift; path = PromptExamplesLoader.swift; sourceTree = "<group>"; };
/* End PBXFileReference section */

/* Begin PBXFrameworksBuildPhase section */
		1C8357B4D2BE47392ED29355 /* Frameworks */ = {
			isa = PBXFrameworksBuildPhase;
			buildActionMask = 2147483647;
			files = (
				572F251532167C9FFE57BFEF /* TokenBarCore.framework in Frameworks */,
			);
			runOnlyForDeploymentPostprocessing = 0;
		};
		38DF2116E72AB62D23ADA3AC /* Frameworks */ = {
			isa = PBXFrameworksBuildPhase;
			buildActionMask = 2147483647;
			files = (
				CB908011C05FCF7E197FB8FA /* TokenBarCore.framework in Frameworks */,
			);
			runOnlyForDeploymentPostprocessing = 0;
		};
		4C5B70F55DE79105AF9A9965 /* Frameworks */ = {
			isa = PBXFrameworksBuildPhase;
			buildActionMask = 2147483647;
			files = (
				6DA2464A64F11D48FF5857D2 /* GRDB in Frameworks */,
			);
			runOnlyForDeploymentPostprocessing = 0;
		};
		6ECA173AAB27252067A9842D /* Frameworks */ = {
			isa = PBXFrameworksBuildPhase;
			buildActionMask = 2147483647;
			files = (
				C690C7ADF390C42BD6268959 /* TokenBarCore.framework in Frameworks */,
			);
			runOnlyForDeploymentPostprocessing = 0;
		};
		FA144A20E4B68AA39B02B6AE /* Frameworks */ = {
			isa = PBXFrameworksBuildPhase;
			buildActionMask = 2147483647;
			files = (
				76746038BAFE253E4C52FF80 /* TokenBarCore.framework in Frameworks */,
				D7FE20B8B5D71A50CE17FA74 /* GRDB in Frameworks */,
			);
			runOnlyForDeploymentPostprocessing = 0;
		};
/* End PBXFrameworksBuildPhase section */

/* Begin PBXGroup section */
		06B8B6EBA541C42B98A160B3 /* Views */ = {
			isa = PBXGroup;
			children = (
				20B7464755AA27280E0EE84C /* ContentView.swift */,
				338DE4158FF0A0B20EFE953B /* DiagnosticsView.swift */,
				0F7FC1F2B71FC837231EEBE0 /* IndexingStatusViews.swift */,
				E574733DE36842180608F4DD /* LibraryGraphViews.swift */,
				C932DCFACE02474538C395FC /* LibraryView.swift */,
				860A328B49FDEA6A429776D8 /* PluginGalleryView.swift */,
				F6805529AA0F00C67907FFF0 /* PopoverSnapshot.swift */,
				6DC78E73F4D845295786B912 /* PopoverView.swift */,
				30FBD783481E03850F6713AB /* ProjectDetailView.swift */,
				AC238696F84C85AA63788187 /* PromptBodyEditor.swift */,
				D13104767913D669739F74BD /* PromptTemplatePreviewPane.swift */,
				929002F9E791F3FE00777E72 /* PromptVariablePicker.swift */,
				E342380D90467993BBA363FE /* SavedPromptEditorView.swift */,
				EDC0BC3DD8B0701650C6B0C9 /* SavedPromptsListView.swift */,
				C1801E11671AEE46809EA4DF /* SettingsView.swift */,
				7770B0E89506D75BB6790080 /* ShimmerModifier.swift */,
				6AF819579F4B51CD6A9BAADD /* TokenBarStyle.swift */,
			);
			path = Views;
			sourceTree = "<group>";
		};
		14049AD1E811D751D89C3CF4 /* Codex */ = {
			isa = PBXGroup;
			children = (
				EFFA4DA4641159394B954C4D /* session-dedup.jsonl */,
				3A0CD222F70EE05CEE9C9C80 /* session-fallback.jsonl */,
				858A48189BE5DDF327B3EDD0 /* session-malformed.jsonl */,
				8BBC62FE5D2214DAA868B40E /* session-model-context.jsonl */,
				3CB81B998E274AB1DF728489 /* session-overflow.jsonl */,
				09D444A9CB79C36F03941643 /* session-valid.jsonl */,
				0C204E1A6B74185FF917C019 /* session-very-long-line.jsonl */,
				A87D8537D4E3486C607656EF /* session-zero-counts.jsonl */,
			);
			path = Codex;
			sourceTree = "<group>";
		};
		279BBFD41FC3548D74819CDA /* Parsers */ = {
			isa = PBXGroup;
			children = (
				3A5D82467E14A2FA46005C55 /* ClaudeUsageParser.swift */,
				2F16461F18B6D1E080434F42 /* CodexUsageParser.swift */,
				814D7254F7A442DE68A0BDAF /* GeminiUsageParser.swift */,
				7ABA214D8F3D82E52C801A5C /* OpenClawUsageParser.swift */,
				D5DC9D8F6E2AB2712DA31A30 /* OpenCodeUsageParser.swift */,
				8657BEDEB107A54CD103ED0A /* ParserTypes.swift */,
				65E8ACD36BC0E34A79B370BC /* PromptExtraction.swift */,
				95322CB20E0BEB0733741D67 /* TokenNormalizer.swift */,
				137225CF079EBD0F6D69FDDE /* WarpUsageParser.swift */,
			);
			path = Parsers;
			sourceTree = "<group>";
		};
		2BC4A7E590F925AC391BB7A1 /* Services */ = {
			isa = PBXGroup;
			children = (
				624F951A8892C5D47A2756B5 /* AppUpdateDownloader.swift */,
				BBD71284044C8CD7A5D764E2 /* BuiltInSources.swift */,
				214AE80317DD881CA7F55270 /* CheckpointEngine.swift */,
				643841D9D69B2A60A5650793 /* ClaudeDataSource.swift */,
				A74803C460CCB0DBDA00F761 /* ClaudeUsageEventSource.swift */,
				A8D7D0940208FB972B748ADE /* CodexDataSource.swift */,
				E83F475A009E998ECA9D0157 /* CodexUsageEventSource.swift */,
				A743CA750D3CFE4FC91B4BCC /* CustomSources.swift */,
				2E0199F0D8EFAC5FAEFCE323 /* DiscoveryCache.swift */,
				C335D6E272F8E4AA34EA3717 /* FileWatcher.swift */,
				B6AD6E56855D8563279DFBDE /* GeminiDataSource.swift */,
				E85948FF80F189F5F0CC325C /* GeminiUsageEventSource.swift */,
				F326E42CA6CDFE9036C69CC2 /* HermesUsageEventSource.swift */,
				A21A75E49D97E2D9072E96CF /* IndexingResourceThrottle.swift */,
				7F12D409505D9F466E26674C /* IndexRebuilder.swift */,
				F8764AEFAAA5663FDA6CD840 /* JSONLIncrementalReader.swift */,
				C6437D03BB0B04953688295F /* JSONLWatermarkLoader.swift */,
				018014789378DE377F9BB0DE /* OpenClawDataSource.swift */,
				A060C64D41F8A6D7AA96A969 /* OpenClawUsageEventSource.swift */,
				6B00B83D1FC9097D633231C7 /* OpenCodeDataSource.swift */,
				41542FC51C470B3D79FE5E27 /* OpenCodeUsageEventSource.swift */,
				AF1D514BC17CE0145D5691D9 /* PluginExecutableRunner.swift */,
				1EBEA84048CA9EABE8D68CF3 /* PluginManager.swift */,
				2AA4A0890E48063F579F5DB7 /* PluginRegistryClient.swift */,
				B56E23430BC435E83E017F97 /* PluginSqliteReader.swift */,
				7793CB76AAD8722029F32DA2 /* PromptTemplateLinter.swift */,
				3362EEE87EF933B6B7F89948 /* PromptTemplatePreview.swift */,
				5286737BBBC13FC9DDD51A9E /* RefreshTrigger.swift */,
				32FFDC393D09AAA4F3380661 /* SampleUsageEventSource.swift */,
				E19D865817948FECB87959BE /* SampleUsageProvider.swift */,
				8684DB129AEB46973A0C6377 /* SavedPromptCommandSync.swift */,
				19C19BBA074D73447F892AFB /* SettingsStore.swift */,
				802ABA04E6478631EE612A6F /* UpdateChecker.swift */,
				59FF02D649035CCD9095EB47 /* UsageDatabase.swift */,
				55E7F2B634B057D08DC38F52 /* UsageEventSource.swift */,
				3305CDF55991739679F3959B /* UsageRepository.swift */,
				FAD8276CB0DA9B13316F04F0 /* UsageStore.swift */,
				77B5075D84490225A9132F0E /* WarningScenario.swift */,
				103E92D0A6415B26B1E28B1D /* WarpUsageEventSource.swift */,
			);
			path = Services;
			sourceTree = "<group>";
		};
		308F3B2EFB2E09D50F17DC6F /* TokenBar */ = {
			isa = PBXGroup;
			children = (
				DA7899D2B2D634598DF1C25F /* App */,
				86920FB92C48661D8D133035 /* L10n */,
				8D1330F0D22C8557FFB3FC10 /* Resources */,
				988F650CA6D4A66B4D62E00A /* Services */,
				06B8B6EBA541C42B98A160B3 /* Views */,
			);
			path = TokenBar;
			sourceTree = "<group>";
		};
		3412DA2B9C58161A36FA1FA1 /* Tests */ = {
			isa = PBXGroup;
			children = (
				9532C6A8F7E8263ED48E8C21 /* TokenBarCoreTests */,
			);
			path = Tests;
			sourceTree = "<group>";
		};
		37971DD3FA7E969E699543FB /* TokenBarCLI */ = {
			isa = PBXGroup;
			children = (
				785139EAFB43B35A42E4811E /* AggregateCommands.swift */,
				E15456AA376C9D15A280DE88 /* Aggregation.swift */,
				24EA28A98B03F968999EE70C /* ArgumentCursor.swift */,
				5690CB2D54374228511B9A04 /* CommandRegistry.swift */,
				3B8FF89F768851A8BFB6A6B4 /* Entry.swift */,
				31D12696CE05F7AECE31A8E5 /* EventCommands.swift */,
				35DC12B39C2C797A5F63DECB /* Filters.swift */,
				E1692308C539FFA5B3DDFB57 /* ListCommands.swift */,
				762BA852FD58B520EC8D3EE6 /* MetaCommands.swift */,
				D2D63C83D2E27F57E4F8EF28 /* Output.swift */,
				4C13449493237EABD59A2B81 /* RebuildCommand.swift */,
				D9B148F57A8B58DB1832330D /* SavedPromptCommand.swift */,
				AD741663A590583349753736 /* Support.swift */,
			);
			path = TokenBarCLI;
			sourceTree = "<group>";
		};
		57E3BA357161EFE0B71FDC55 /* Aggregation */ = {
			isa = PBXGroup;
			children = (
				7D7A40FAE174467B1F3B0D16 /* UsageAggregator.swift */,
			);
			path = Aggregation;
			sourceTree = "<group>";
		};
		60524FCD185E7912E01C66CA /* Fixtures */ = {
			isa = PBXGroup;
			children = (
				C3F1A44EF59012D19E9027DA /* Claude */,
				14049AD1E811D751D89C3CF4 /* Codex */,
				D15DFA73712FBABC6886E57B /* gemini */,
			);
			path = Fixtures;
			sourceTree = "<group>";
		};
		86920FB92C48661D8D133035 /* L10n */ = {
			isa = PBXGroup;
			children = (
				F564CFA83CC2F25DF5F61881 /* Localizable.strings */,
			);
			path = L10n;
			sourceTree = "<group>";
		};
		8B320BE307DF89AAA7B28DC7 /* TokenBarProbe */ = {
			isa = PBXGroup;
			children = (
				6ED86974B609F636DD84568C /* main.swift */,
			);
			path = TokenBarProbe;
			sourceTree = "<group>";
		};
		8D1330F0D22C8557FFB3FC10 /* Resources */ = {
			isa = PBXGroup;
			children = (
				0C5B5EB19E9B93F9A1885A6E /* prompt-examples.json */,
			);
			path = Resources;
			sourceTree = "<group>";
		};
		9532C6A8F7E8263ED48E8C21 /* TokenBarCoreTests */ = {
			isa = PBXGroup;
			children = (
				61E51B8EFA1F250BB8851304 /* CheckpointEngineParallelTests.swift */,
				5863E6130F52FC6586240919 /* ClaudeDataSourceTests.swift */,
				992944677EE64C6EC8F28603 /* ClaudeUsageParserTests.swift */,
				6C5DF4DFE321B3489A789FE9 /* CodexDataSourceTests.swift */,
				E75B1288B8D585AEA0B93A43 /* CodexUsageParserTests.swift */,
				185A44011F9E5B62EDA4C90C /* FixtureBundle.swift */,
				F825B75115C033F1C045795F /* IndexRebuilderTests.swift */,
				760EDFDB66351F65724427BB /* OpenCodeUsageParserTests.swift */,
				258FA144E32653FD43395BCF /* PluginSystemTests.swift */,
				EE0152A458ED7AB993AD3E52 /* PromptTemplateLinterTests.swift */,
				84ED46F5F5614A4628F27FFC /* PromptTemplatePreviewTests.swift */,
				4C7BE40D2F00FBB970910940 /* RuntimeModelTests.swift */,
				5E9E1FD331DA3821F93F18A1 /* SavedPromptCommandSyncTests.swift */,
				09DFD882EBD47868E553E77F /* SavedPromptStoreTests.swift */,
				83E9ECD7DE10A044CF683405 /* SettingsStoreTests.swift */,
				90055EE0D8035B3D256EE361 /* Sprint8StorageTests.swift */,
				8350DE0668F07E1A23EFC9F4 /* Sprint9IncrementalTests.swift */,
				A2FA1D7C158B1F8EC47C1D45 /* Sprint10P0Tests.swift */,
				8621DA3B89F27B97A415C272 /* Sprint10PerfTests.swift */,
				B8CAF38178F208EEAA36C084 /* WarningScenarioTests.swift */,
				98C0AAB42EE381A923F00048 /* WarpUsageParserTests.swift */,
				60524FCD185E7912E01C66CA /* Fixtures */,
			);
			path = TokenBarCoreTests;
			sourceTree = "<group>";
		};
		9548F4C3D4B561ED1AA98818 /* TokenBarCore */ = {
			isa = PBXGroup;
			children = (
				57E3BA357161EFE0B71FDC55 /* Aggregation */,
				F466546FB721AA348145205D /* Models */,
				279BBFD41FC3548D74819CDA /* Parsers */,
				2BC4A7E590F925AC391BB7A1 /* Services */,
			);
			path = TokenBarCore;
			sourceTree = "<group>";
		};
		988F650CA6D4A66B4D62E00A /* Services */ = {
			isa = PBXGroup;
			children = (
				FD2FC6E1235831C2973107D7 /* PromptExamplesLoader.swift */,
			);
			path = Services;
			sourceTree = "<group>";
		};
		A7852218F65306D6397AA28F /* Sources */ = {
			isa = PBXGroup;
			children = (
				308F3B2EFB2E09D50F17DC6F /* TokenBar */,
				37971DD3FA7E969E699543FB /* TokenBarCLI */,
				9548F4C3D4B561ED1AA98818 /* TokenBarCore */,
				8B320BE307DF89AAA7B28DC7 /* TokenBarProbe */,
			);
			path = Sources;
			sourceTree = "<group>";
		};
		ABFAF353D19CC18631A1C5E4 = {
			isa = PBXGroup;
			children = (
				A7852218F65306D6397AA28F /* Sources */,
				D303FA16BD45F410EA5CE7A3 /* Resources */,
				3412DA2B9C58161A36FA1FA1 /* Tests */,
				FFB84DA4E38E744D734B034A /* Products */,
			);
			sourceTree = "<group>";
		};
		C3F1A44EF59012D19E9027DA /* Claude */ = {
			isa = PBXGroup;
			children = (
				78B66F467DE269E740E23548 /* claude-session-day-boundary.jsonl */,
				E5096C7DC5AFF82933E1B7D6 /* claude-session-empty.jsonl */,
				F9629A325D8D5C524742BF5A /* claude-session-malformed.jsonl */,
				BFD76D93CAD9212DACBF79B1 /* claude-session-mega.jsonl */,
				2A5473E6812342DEEFC40E1D /* claude-session-negative.jsonl */,
				6777696CA6F3021A247FD109 /* claude-session-unicode-cwd.jsonl */,
				32B5CF428D5921BE8ECB1EAF /* claude-session-valid.jsonl */,
				8B2E4D0610C08E69AEB81F10 /* claude-session-zero.jsonl */,
			);
			path = Claude;
			sourceTree = "<group>";
		};
		D15DFA73712FBABC6886E57B /* gemini */ = {
			isa = PBXGroup;
			children = (
				33A8A21792A072AF5A4A1840 /* session-multi-model.json */,
				78DAF68F567794C4B5B5EC83 /* session-single-model.json */,
			);
			path = gemini;
			sourceTree = "<group>";
		};
		D303FA16BD45F410EA5CE7A3 /* Resources */ = {
			isa = PBXGroup;
			children = (
				88E72B0E28BA176B815BA2C9 /* Assets.xcassets */,
			);
			path = Resources;
			sourceTree = "<group>";
		};
		DA7899D2B2D634598DF1C25F /* App */ = {
			isa = PBXGroup;
			children = (
				4928DC72DB17512B06F60B6F /* AppDelegate.swift */,
				57C1E929218F4A780FB7E51D /* Performance.swift */,
				9E0D668C114B1D19E73AFBD1 /* TokenBarApp.swift */,
				85496493F2FFE8F42441C1F6 /* TokenBarMainRoute.swift */,
				1F2418887544EE623F247E42 /* TokenBarRuntimeModel.swift */,
			);
			path = App;
			sourceTree = "<group>";
		};
		F466546FB721AA348145205D /* Models */ = {
			isa = PBXGroup;
			children = (
				C9A0F6AEB885BCE6F103C31B /* NumberFormatting.swift */,
				C777E31D12F1F2512C332AA4 /* PluginManifest.swift */,
				6127B31ADF0D7B1BBA11F078 /* RuntimeModels.swift */,
				919D1347B2BBBC71C44329FC /* UsageModels.swift */,
			);
			path = Models;
			sourceTree = "<group>";
		};
		FFB84DA4E38E744D734B034A /* Products */ = {
			isa = PBXGroup;
			children = (
				E1E82A1EE46FD1E7637C3943 /* TokenBar.app */,
				6EDB4143AC8836797A3F652F /* TokenBarCLI */,
				CE68C5C4D63519C0D1AA1A2F /* TokenBarCore.framework */,
				A3782F953AB6E25D9D5A76C5 /* TokenBarProbe */,
				7FCEBB531CF14BB13D5A42F7 /* TokenBarTests.xctest */,
			);
			name = Products;
			sourceTree = "<group>";
		};
/* End PBXGroup section */

/* Begin PBXNativeTarget section */
		0BF80752B81B2840A0FF8933 /* TokenBarTests */ = {
			isa = PBXNativeTarget;
			buildConfigurationList = D3D8CF80DFF6B7A2EB01ADB2 /* Build configuration list for PBXNativeTarget "TokenBarTests" */;
			buildPhases = (
				C976077B92859E7D68948FD7 /* Sources */,
				F0329BE06BE61318979CA656 /* Resources */,
				FA144A20E4B68AA39B02B6AE /* Frameworks */,
				F5274FB70F6C42B2CB994D92 /* Embed Frameworks */,
			);
			buildRules = (
			);
			dependencies = (
				4A44221DD51A0AC03AC87292 /* PBXTargetDependency */,
			);
			name = TokenBarTests;
			packageProductDependencies = (
				FA0941472B14413B69901763 /* GRDB */,
			);
			productName = TokenBarTests;
			productReference = 7FCEBB531CF14BB13D5A42F7 /* TokenBarTests.xctest */;
			productType = "com.apple.product-type.bundle.unit-test";
		};
		4C7E200DFF105E5D8A9FC9D6 /* TokenBarProbe */ = {
			isa = PBXNativeTarget;
			buildConfigurationList = E990BC53650DE7F616450C86 /* Build configuration list for PBXNativeTarget "TokenBarProbe" */;
			buildPhases = (
				8731AEFEA665EBB0632A53D0 /* Sources */,
				38DF2116E72AB62D23ADA3AC /* Frameworks */,
			);
			buildRules = (
			);
			dependencies = (
				3AB0326C28E6DD5BB65CD9E3 /* PBXTargetDependency */,
			);
			name = TokenBarProbe;
			packageProductDependencies = (
			);
			productName = TokenBarProbe;
			productReference = A3782F953AB6E25D9D5A76C5 /* TokenBarProbe */;
			productType = "com.apple.product-type.tool";
		};
		531D59D64152CE6396100035 /* TokenBar */ = {
			isa = PBXNativeTarget;
			buildConfigurationList = F02FF9FBDA0222C31FF4C990 /* Build configuration list for PBXNativeTarget "TokenBar" */;
			buildPhases = (
				4EAD462B16E6499689DF171E /* Sources */,
				E16E839CD7A8C555BF9EAA9C /* Resources */,
				6ECA173AAB27252067A9842D /* Frameworks */,
				56E6C0EBC698D3F5AD9D8F63 /* Embed Frameworks */,
			);
			buildRules = (
			);
			dependencies = (
				2C29AFB502CB3108CE0930A4 /* PBXTargetDependency */,
			);
			name = TokenBar;
			packageProductDependencies = (
			);
			productName = TokenBar;
			productReference = E1E82A1EE46FD1E7637C3943 /* TokenBar.app */;
			productType = "com.apple.product-type.application";
		};
		6AB58245F26765B1B2BD0FEB /* TokenBarCore */ = {
			isa = PBXNativeTarget;
			buildConfigurationList = B2A4E97CDAEB691D90C9978C /* Build configuration list for PBXNativeTarget "TokenBarCore" */;
			buildPhases = (
				64EC1997FFDDFD81D46F04FE /* Sources */,
				4C5B70F55DE79105AF9A9965 /* Frameworks */,
			);
			buildRules = (
			);
			dependencies = (
			);
			name = TokenBarCore;
			packageProductDependencies = (
				BAAEE08434E29011554174AC /* GRDB */,
			);
			productName = TokenBarCore;
			productReference = CE68C5C4D63519C0D1AA1A2F /* TokenBarCore.framework */;
			productType = "com.apple.product-type.framework";
		};
		D87E78CC62BF2755A5ACAB2D /* TokenBarCLI */ = {
			isa = PBXNativeTarget;
			buildConfigurationList = E445E1751FA54AD0C8005465 /* Build configuration list for PBXNativeTarget "TokenBarCLI" */;
			buildPhases = (
				34CD8812837103A9524BACEF /* Sources */,
				1C8357B4D2BE47392ED29355 /* Frameworks */,
			);
			buildRules = (
			);
			dependencies = (
				C6DFE7FC9A60CBE427186A12 /* PBXTargetDependency */,
			);
			name = TokenBarCLI;
			packageProductDependencies = (
			);
			productName = TokenBarCLI;
			productReference = 6EDB4143AC8836797A3F652F /* TokenBarCLI */;
			productType = "com.apple.product-type.tool";
		};
/* End PBXNativeTarget section */

/* Begin PBXProject section */
		44B698EF186DAD718BD40ADE /* Project object */ = {
			isa = PBXProject;
			attributes = {
				BuildIndependentTargetsInParallel = YES;
				LastUpgradeCheck = 1430;
				TargetAttributes = {
					0BF80752B81B2840A0FF8933 = {
						DevelopmentTeam = MNTV7AH6PF;
						ProvisioningStyle = Automatic;
					};
					4C7E200DFF105E5D8A9FC9D6 = {
						DevelopmentTeam = MNTV7AH6PF;
						ProvisioningStyle = Automatic;
					};
					531D59D64152CE6396100035 = {
						DevelopmentTeam = MNTV7AH6PF;
						ProvisioningStyle = Automatic;
					};
					6AB58245F26765B1B2BD0FEB = {
						DevelopmentTeam = MNTV7AH6PF;
						ProvisioningStyle = Automatic;
					};
					D87E78CC62BF2755A5ACAB2D = {
						DevelopmentTeam = MNTV7AH6PF;
						ProvisioningStyle = Automatic;
					};
				};
			};
			buildConfigurationList = B366BF48D43D8E344DFBB0A6 /* Build configuration list for PBXProject "TokenBar" */;
			developmentRegion = en;
			hasScannedForEncodings = 0;
			knownRegions = (
				Base,
				de,
				en,
				"zh-Hans",
			);
			mainGroup = ABFAF353D19CC18631A1C5E4;
			minimizedProjectReferenceProxies = 1;
			packageReferences = (
				403344065DF772AF70C5FC5D /* XCRemoteSwiftPackageReference "GRDB.swift" */,
			);
			preferredProjectObjectVersion = 77;
			productRefGroup = FFB84DA4E38E744D734B034A /* Products */;
			projectDirPath = "";
			projectRoot = "";
			targets = (
				531D59D64152CE6396100035 /* TokenBar */,
				D87E78CC62BF2755A5ACAB2D /* TokenBarCLI */,
				6AB58245F26765B1B2BD0FEB /* TokenBarCore */,
				4C7E200DFF105E5D8A9FC9D6 /* TokenBarProbe */,
				0BF80752B81B2840A0FF8933 /* TokenBarTests */,
			);
		};
/* End PBXProject section */

/* Begin PBXResourcesBuildPhase section */
		E16E839CD7A8C555BF9EAA9C /* Resources */ = {
			isa = PBXResourcesBuildPhase;
			buildActionMask = 2147483647;
			files = (
				2DB3031F751A8CD8A7860D01 /* Assets.xcassets in Resources */,
				29895282DA84CF98BA945E18 /* Localizable.strings in Resources */,
				6D1C1E23AE07A7F754AE94CF /* prompt-examples.json in Resources */,
			);
			runOnlyForDeploymentPostprocessing = 0;
		};
		F0329BE06BE61318979CA656 /* Resources */ = {
			isa = PBXResourcesBuildPhase;
			buildActionMask = 2147483647;
			files = (
				D88F4D0427F2D7D980FD52DF /* claude-session-day-boundary.jsonl in Resources */,
				A6FC60B95EE3C85F11DA26AE /* claude-session-empty.jsonl in Resources */,
				A767B69D9547BFE6315AE606 /* claude-session-malformed.jsonl in Resources */,
				D6B45C240CC9AC865608C6DF /* claude-session-mega.jsonl in Resources */,
				F2BB2DEBE5F95204590F692A /* claude-session-negative.jsonl in Resources */,
				2B7F4275BB72666AD129AB27 /* claude-session-unicode-cwd.jsonl in Resources */,
				830D00A572B86E5C9FADA01D /* claude-session-valid.jsonl in Resources */,
				46CA88BAAFF18842F0B406EA /* claude-session-zero.jsonl in Resources */,
				76B827F36B225ECD37A89A56 /* session-dedup.jsonl in Resources */,
				6718F80723BE5628928F184C /* session-fallback.jsonl in Resources */,
				58BD12D6D6D6DF687C508314 /* session-malformed.jsonl in Resources */,
				4D6630877A6864BB59CFA5DD /* session-model-context.jsonl in Resources */,
				B3892D97A629E40AA8CF0C07 /* session-multi-model.json in Resources */,
				4214DEA3986FBA479FEDAAB5 /* session-overflow.jsonl in Resources */,
				DCB07C85AAAEA180E628E8D0 /* session-single-model.json in Resources */,
				5F77DFC018E2BF3040F76164 /* session-valid.jsonl in Resources */,
				392B545CA8758A61EDD425E5 /* session-very-long-line.jsonl in Resources */,
				AABD80E67A292249A1652C09 /* session-zero-counts.jsonl in Resources */,
			);
			runOnlyForDeploymentPostprocessing = 0;
		};
/* End PBXResourcesBuildPhase section */

/* Begin PBXSourcesBuildPhase section */
		34CD8812837103A9524BACEF /* Sources */ = {
			isa = PBXSourcesBuildPhase;
			buildActionMask = 2147483647;
			files = (
				C855F773ADF61DE12C87D0B6 /* AggregateCommands.swift in Sources */,
				19F556FC44FDA1BA8BC35444 /* Aggregation.swift in Sources */,
				59D788129F5B37F039D7E148 /* ArgumentCursor.swift in Sources */,
				F1369207724DC3439D36E295 /* CommandRegistry.swift in Sources */,
				1DA3BCA03A603789BD427A06 /* Entry.swift in Sources */,
				5FACA9572F7728D15B77D56B /* EventCommands.swift in Sources */,
				4A71ECBB75A98F799BFC4870 /* Filters.swift in Sources */,
				E8F664A3170D4076DF3D0DCC /* ListCommands.swift in Sources */,
				DC101622E23EC913F58B9009 /* MetaCommands.swift in Sources */,
				D48208810294A23F5AADAED7 /* Output.swift in Sources */,
				1E02B599A0D851901E27C5CC /* RebuildCommand.swift in Sources */,
				B89A76FB0B1AE8C7C1E8B263 /* SavedPromptCommand.swift in Sources */,
				7C7925BB179F309CABA96F2C /* Support.swift in Sources */,
			);
			runOnlyForDeploymentPostprocessing = 0;
		};
		4EAD462B16E6499689DF171E /* Sources */ = {
			isa = PBXSourcesBuildPhase;
			buildActionMask = 2147483647;
			files = (
				3756E6C4F045CE0B2B42B087 /* AppDelegate.swift in Sources */,
				BDE7EC58DB434BC731455A30 /* ContentView.swift in Sources */,
				CD6DAB3A102A46A57D6C6187 /* DiagnosticsView.swift in Sources */,
				64EDCDE8CAB9D63E3863CBF8 /* IndexingStatusViews.swift in Sources */,
				60241A12D5F8DE9B8FCD53CE /* LibraryGraphViews.swift in Sources */,
				7E73E63FF98631D389670865 /* LibraryView.swift in Sources */,
				B215F14B3C8CBE01D40ED335 /* Performance.swift in Sources */,
				B807565A157D24C3E980D74B /* PluginGalleryView.swift in Sources */,
				D66AE7A0F647B4EE28F8C3DC /* PopoverSnapshot.swift in Sources */,
				53A0CF9DF32D791CC4DE7597 /* PopoverView.swift in Sources */,
				AED0C6B6541E2DAFAC22CFFE /* ProjectDetailView.swift in Sources */,
				65F33C7F4A8B48B7DA186689 /* PromptBodyEditor.swift in Sources */,
				634C60248552B64CAD3CE084 /* PromptExamplesLoader.swift in Sources */,
				FCF76588DFB8ED5B46C9A224 /* PromptTemplatePreviewPane.swift in Sources */,
				A89229C8D643BDD335F5448D /* PromptVariablePicker.swift in Sources */,
				30EC6A6FEBC6DCA6ABA74CA2 /* SavedPromptEditorView.swift in Sources */,
				21B463890C5F2477F2E3D088 /* SavedPromptsListView.swift in Sources */,
				B8CDF19581BBE78FE52398FD /* SettingsView.swift in Sources */,
				F6075BE2F8843EF24DAF3C93 /* ShimmerModifier.swift in Sources */,
				2F1BF4057039E60E24D49CEF /* TokenBarApp.swift in Sources */,
				FCD9AE624DBB218988B0529B /* TokenBarMainRoute.swift in Sources */,
				93C3365C8B3AA9C9E9DA1BD9 /* TokenBarRuntimeModel.swift in Sources */,
				F399FF1D01A34853D855AAAC /* TokenBarStyle.swift in Sources */,
			);
			runOnlyForDeploymentPostprocessing = 0;
		};
		64EC1997FFDDFD81D46F04FE /* Sources */ = {
			isa = PBXSourcesBuildPhase;
			buildActionMask = 2147483647;
			files = (
				79318332A66F2D89F92539FD /* AppUpdateDownloader.swift in Sources */,
				FCE482CB83B0D0BA17FFF2EE /* BuiltInSources.swift in Sources */,
				384B7FC2DF12C17712ECE7E2 /* CheckpointEngine.swift in Sources */,
				68B89BCAA87951FA4ABDA3C7 /* ClaudeDataSource.swift in Sources */,
				A12F9C5D1478D5A1A856105D /* ClaudeUsageEventSource.swift in Sources */,
				6CDD552DEF9928FD0DF07C10 /* ClaudeUsageParser.swift in Sources */,
				B96EF109FE693BBC042B2008 /* CodexDataSource.swift in Sources */,
				04914E4086F0DC3FAB16BCB4 /* CodexUsageEventSource.swift in Sources */,
				F5297FB3FFCAFEB8610E784A /* CodexUsageParser.swift in Sources */,
				513DCC357C218176290A7D7D /* CustomSources.swift in Sources */,
				07266E8C169D80625B191574 /* DiscoveryCache.swift in Sources */,
				D35568575BE68E2DF161902E /* FileWatcher.swift in Sources */,
				615B7716C62964D21B71DA56 /* GeminiDataSource.swift in Sources */,
				00A6D8ACEE790C20BB79E0B0 /* GeminiUsageEventSource.swift in Sources */,
				E78940BB111D14C7D025DDDA /* GeminiUsageParser.swift in Sources */,
				AD8D5941F94B78FE7400BEC2 /* HermesUsageEventSource.swift in Sources */,
				4FEBF8B04CE41BEECF83DCB7 /* IndexRebuilder.swift in Sources */,
				29B9B765267E0C66E7F96CE6 /* IndexingResourceThrottle.swift in Sources */,
				D48FB902A10653102B4FEAA2 /* JSONLIncrementalReader.swift in Sources */,
				0ED0B2EBB5AE33375CC8CF5A /* JSONLWatermarkLoader.swift in Sources */,
				EACE7763523E9439D3866958 /* NumberFormatting.swift in Sources */,
				AF9FF8081017FFB0A6956023 /* OpenClawDataSource.swift in Sources */,
				B22286C3DD2EB482E404D360 /* OpenClawUsageEventSource.swift in Sources */,
				E4E1807A7998E6E019358059 /* OpenClawUsageParser.swift in Sources */,
				8AB1DEB0E6C721BB1A2F1610 /* OpenCodeDataSource.swift in Sources */,
				E77686FD17187E170F2293A6 /* OpenCodeUsageEventSource.swift in Sources */,
				3DAB42155F7F30D94EFB368D /* OpenCodeUsageParser.swift in Sources */,
				48F16D4BB4D909FF340E93A8 /* ParserTypes.swift in Sources */,
				8BF45CA0D83A70F1BDF53A9B /* PluginExecutableRunner.swift in Sources */,
				4FA9E493A8BB950A09DE5E73 /* PluginManager.swift in Sources */,
				DD8725CF370B910C83BF3A50 /* PluginManifest.swift in Sources */,
				824FE497577D861D7ACF4D4D /* PluginRegistryClient.swift in Sources */,
				DDBBCD4AADE4B30E6583F99C /* PluginSqliteReader.swift in Sources */,
				74A040A74EC5071A60078314 /* PromptExtraction.swift in Sources */,
				4B3010937A2A0A782F332DAB /* PromptTemplateLinter.swift in Sources */,
				7DBD4DFAAB7EC462B5FF2F73 /* PromptTemplatePreview.swift in Sources */,
				6F8DC10321734E930A3A0212 /* RefreshTrigger.swift in Sources */,
				1A79012C6BB812370D346EB8 /* RuntimeModels.swift in Sources */,
				621C36442D567A5141CA6EC3 /* SampleUsageEventSource.swift in Sources */,
				4576465B0C01095823CFAEC5 /* SampleUsageProvider.swift in Sources */,
				F8DCB69FE8CC92867876F43E /* SavedPromptCommandSync.swift in Sources */,
				AD4F7798EE62059801DAAFF9 /* SettingsStore.swift in Sources */,
				04A6B1D8D41488DA5AF4BB3F /* TokenNormalizer.swift in Sources */,
				8D7E0C75D918F6963D629A6E /* UpdateChecker.swift in Sources */,
				C4F3AC90F6E37A26FEDE393C /* UsageAggregator.swift in Sources */,
				3B57EDAC293F7BCC1D7A3E7D /* UsageDatabase.swift in Sources */,
				7CCCB7771BA4BF88521770B1 /* UsageEventSource.swift in Sources */,
				D1D3D49AC60BCE39F39FDDCE /* UsageModels.swift in Sources */,
				D229333A7D0C07CA95D74B1E /* UsageRepository.swift in Sources */,
				DEEB891E641DA1D4AF882640 /* UsageStore.swift in Sources */,
				F1A57BAEA5A12CF30F4F306E /* WarningScenario.swift in Sources */,
				80BB1A1C8878170E69D47D81 /* WarpUsageEventSource.swift in Sources */,
				3E1B57FFED4C7AAFAE8D194E /* WarpUsageParser.swift in Sources */,
			);
			runOnlyForDeploymentPostprocessing = 0;
		};
		8731AEFEA665EBB0632A53D0 /* Sources */ = {
			isa = PBXSourcesBuildPhase;
			buildActionMask = 2147483647;
			files = (
				E873DAFE2639CBCE6D123F48 /* main.swift in Sources */,
			);
			runOnlyForDeploymentPostprocessing = 0;
		};
		C976077B92859E7D68948FD7 /* Sources */ = {
			isa = PBXSourcesBuildPhase;
			buildActionMask = 2147483647;
			files = (
				D76EC7EDCDDB27727476597E /* CheckpointEngineParallelTests.swift in Sources */,
				F4671274DDC84F2C9F5AB501 /* ClaudeDataSourceTests.swift in Sources */,
				FC35013B2A3F8AFCCFA82D3D /* ClaudeUsageParserTests.swift in Sources */,
				6C0F32B478656F6BEF315211 /* CodexDataSourceTests.swift in Sources */,
				F9CBD82BCF1A6914DF05C097 /* CodexUsageParserTests.swift in Sources */,
				CB8F494F7DED938C2480D7BC /* FixtureBundle.swift in Sources */,
				723FFC2D14E02466896C58E0 /* IndexRebuilderTests.swift in Sources */,
				70A31C892E296F8E4AA57A31 /* OpenCodeUsageParserTests.swift in Sources */,
				F86CBC87B5907E3889D79CDC /* PluginSystemTests.swift in Sources */,
				C2EB4EF734E32CC8DE3543DD /* PromptTemplateLinterTests.swift in Sources */,
				13473CCEC11872670DEB7346 /* PromptTemplatePreviewTests.swift in Sources */,
				6E97E67DC9741A9CB9848210 /* RuntimeModelTests.swift in Sources */,
				AE1AB85CB6664416F1AA32E0 /* SavedPromptCommandSyncTests.swift in Sources */,
				A816872EE167D08FB9C69E8B /* SavedPromptStoreTests.swift in Sources */,
				ED1F9D55FC88994235528356 /* SettingsStoreTests.swift in Sources */,
				DDB3AE6CE0B83B2A1CDE9B5B /* Sprint10P0Tests.swift in Sources */,
				A5608066D8E17BDC39914DA7 /* Sprint10PerfTests.swift in Sources */,
				B7AB350D987A12E680E0D3F5 /* Sprint8StorageTests.swift in Sources */,
				11BD35E76314C84AABA18971 /* Sprint9IncrementalTests.swift in Sources */,
				BA358A795E26A4A5A899975E /* WarningScenarioTests.swift in Sources */,
				13C6A572B337CECA1363DD7B /* WarpUsageParserTests.swift in Sources */,
			);
			runOnlyForDeploymentPostprocessing = 0;
		};
/* End PBXSourcesBuildPhase section */

/* Begin PBXTargetDependency section */
		2C29AFB502CB3108CE0930A4 /* PBXTargetDependency */ = {
			isa = PBXTargetDependency;
			target = 6AB58245F26765B1B2BD0FEB /* TokenBarCore */;
			targetProxy = 8F0C497002C68E01AC41EEAC /* PBXContainerItemProxy */;
		};
		3AB0326C28E6DD5BB65CD9E3 /* PBXTargetDependency */ = {
			isa = PBXTargetDependency;
			target = 6AB58245F26765B1B2BD0FEB /* TokenBarCore */;
			targetProxy = 709ED91EC1D20617354B1C13 /* PBXContainerItemProxy */;
		};
		4A44221DD51A0AC03AC87292 /* PBXTargetDependency */ = {
			isa = PBXTargetDependency;
			target = 6AB58245F26765B1B2BD0FEB /* TokenBarCore */;
			targetProxy = 74C76C6C44C4F70E8D9EDE2E /* PBXContainerItemProxy */;
		};
		C6DFE7FC9A60CBE427186A12 /* PBXTargetDependency */ = {
			isa = PBXTargetDependency;
			target = 6AB58245F26765B1B2BD0FEB /* TokenBarCore */;
			targetProxy = CB133379FE2ED7FDC170D696 /* PBXContainerItemProxy */;
		};
/* End PBXTargetDependency section */

/* Begin PBXVariantGroup section */
		F564CFA83CC2F25DF5F61881 /* Localizable.strings */ = {
			isa = PBXVariantGroup;
			children = (
				CF53CB1511229F700A81202C /* de */,
				75C3B255B13DB3ECD7A1279D /* en */,
				A7ADFB8A8AC26404801D4CB4 /* zh-Hans */,
			);
			name = Localizable.strings;
			sourceTree = "<group>";
		};
/* End PBXVariantGroup section */

/* Begin XCBuildConfiguration section */
		09D71DA04AAE80FC513D134D /* Release */ = {
			isa = XCBuildConfiguration;
			buildSettings = {
				CODE_SIGNING_ALLOWED = NO;
				COMBINE_HIDPI_IMAGES = YES;
				GENERATE_INFOPLIST_FILE = YES;
				LD_RUNPATH_SEARCH_PATHS = (
					"$(inherited)",
					"@executable_path/../Frameworks",
				);
				PRODUCT_BUNDLE_IDENTIFIER = com.javis.TokenBarCLI;
				SDKROOT = macosx;
			};
			name = Release;
		};
		2ECAD8A4AC1EB3B95AF3660E /* Release */ = {
			isa = XCBuildConfiguration;
			buildSettings = {
				COMBINE_HIDPI_IMAGES = YES;
				GENERATE_INFOPLIST_FILE = YES;
				LD_RUNPATH_SEARCH_PATHS = (
					"$(inherited)",
					"@executable_path/../Frameworks",
				);
				PRODUCT_BUNDLE_IDENTIFIER = com.javis.TokenBarProbe;
				SDKROOT = macosx;
			};
			name = Release;
		};
		309AAAD46B668E6F98BACC68 /* Debug */ = {
			isa = XCBuildConfiguration;
			buildSettings = {
				ASSETCATALOG_COMPILER_APPICON_NAME = AppIcon;
				CODE_SIGN_ENTITLEMENTS = "";
				CODE_SIGN_STYLE = Automatic;
				COMBINE_HIDPI_IMAGES = YES;
				ENABLE_DEBUG_DYLIB = NO;
				ENABLE_HARDENED_RUNTIME = YES;
				INFOPLIST_FILE = Resources/Info.plist;
				LD_RUNPATH_SEARCH_PATHS = (
					"$(inherited)",
					"@executable_path/../Frameworks",
				);
				PRODUCT_BUNDLE_IDENTIFIER = com.javis.TokenBar;
				SDKROOT = macosx;
				SWIFT_EMIT_LOC_STRINGS = NO;
			};
			name = Debug;
		};
		426863F36455F4D38453FDF9 /* Release */ = {
			isa = XCBuildConfiguration;
			buildSettings = {
				ASSETCATALOG_COMPILER_APPICON_NAME = AppIcon;
				CODE_SIGN_ENTITLEMENTS = "";
				CODE_SIGN_STYLE = Automatic;
				COMBINE_HIDPI_IMAGES = YES;
				ENABLE_DEBUG_DYLIB = NO;
				ENABLE_HARDENED_RUNTIME = YES;
				INFOPLIST_FILE = Resources/Info.plist;
				LD_RUNPATH_SEARCH_PATHS = (
					"$(inherited)",
					"@executable_path/../Frameworks",
				);
				PRODUCT_BUNDLE_IDENTIFIER = com.javis.TokenBar;
				SDKROOT = macosx;
				SWIFT_EMIT_LOC_STRINGS = NO;
			};
			name = Release;
		};
		51290F07D3087482B4468335 /* Release */ = {
			isa = XCBuildConfiguration;
			buildSettings = {
				CODE_SIGN_IDENTITY = "";
				COMBINE_HIDPI_IMAGES = YES;
				CURRENT_PROJECT_VERSION = 1;
				DEFINES_MODULE = YES;
				DYLIB_COMPATIBILITY_VERSION = 1;
				DYLIB_CURRENT_VERSION = 1;
				DYLIB_INSTALL_NAME_BASE = "@rpath";
				ENABLE_TESTING_SEARCH_PATHS = YES;
				GENERATE_INFOPLIST_FILE = YES;
				INSTALL_PATH = "$(LOCAL_LIBRARY_DIR)/Frameworks";
				LD_RUNPATH_SEARCH_PATHS = (
					"$(inherited)",
					"@executable_path/../Frameworks",
				);
				PRODUCT_BUNDLE_IDENTIFIER = com.javis.TokenBarCore;
				SDKROOT = macosx;
				SKIP_INSTALL = YES;
				VERSIONING_SYSTEM = "apple-generic";
			};
			name = Release;
		};
		770A0645C11CEC8F7075C5B2 /* Debug */ = {
			isa = XCBuildConfiguration;
			buildSettings = {
				COMBINE_HIDPI_IMAGES = YES;
				GENERATE_INFOPLIST_FILE = YES;
				LD_RUNPATH_SEARCH_PATHS = (
					"$(inherited)",
					"@executable_path/../Frameworks",
				);
				PRODUCT_BUNDLE_IDENTIFIER = com.javis.TokenBarProbe;
				SDKROOT = macosx;
			};
			name = Debug;
		};
		827533071850E4B0AE7707AD /* Release */ = {
			isa = XCBuildConfiguration;
			buildSettings = {
				ALWAYS_SEARCH_USER_PATHS = NO;
				CLANG_ANALYZER_NONNULL = YES;
				CLANG_ANALYZER_NUMBER_OBJECT_CONVERSION = YES_AGGRESSIVE;
				CLANG_CXX_LANGUAGE_STANDARD = "gnu++14";
				CLANG_CXX_LIBRARY = "libc++";
				CLANG_ENABLE_MODULES = YES;
				CLANG_ENABLE_OBJC_ARC = YES;
				CLANG_ENABLE_OBJC_WEAK = YES;
				CLANG_WARN_BLOCK_CAPTURE_AUTORELEASING = YES;
				CLANG_WARN_BOOL_CONVERSION = YES;
				CLANG_WARN_COMMA = YES;
				CLANG_WARN_CONSTANT_CONVERSION = YES;
				CLANG_WARN_DEPRECATED_OBJC_IMPLEMENTATIONS = YES;
				CLANG_WARN_DIRECT_OBJC_ISA_USAGE = YES_ERROR;
				CLANG_WARN_DOCUMENTATION_COMMENTS = YES;
				CLANG_WARN_EMPTY_BODY = YES;
				CLANG_WARN_ENUM_CONVERSION = YES;
				CLANG_WARN_INFINITE_RECURSION = YES;
				CLANG_WARN_INT_CONVERSION = YES;
				CLANG_WARN_NON_LITERAL_NULL_CONVERSION = YES;
				CLANG_WARN_OBJC_IMPLICIT_RETAIN_SELF = YES;
				CLANG_WARN_OBJC_LITERAL_CONVERSION = YES;
				CLANG_WARN_OBJC_ROOT_CLASS = YES_ERROR;
				CLANG_WARN_QUOTED_INCLUDE_IN_FRAMEWORK_HEADER = YES;
				CLANG_WARN_RANGE_LOOP_ANALYSIS = YES;
				CLANG_WARN_STRICT_PROTOTYPES = YES;
				CLANG_WARN_SUSPICIOUS_MOVE = YES;
				CLANG_WARN_UNGUARDED_AVAILABILITY = YES_AGGRESSIVE;
				CLANG_WARN_UNREACHABLE_CODE = YES;
				CLANG_WARN__DUPLICATE_METHOD_MATCH = YES;
				CODE_SIGN_IDENTITY = "";
				CODE_SIGN_STYLE = Automatic;
				COPY_PHASE_STRIP = NO;
				DEBUG_INFORMATION_FORMAT = "dwarf-with-dsym";
				DEVELOPMENT_TEAM = MNTV7AH6PF;
				ENABLE_NS_ASSERTIONS = NO;
				ENABLE_STRICT_OBJC_MSGSEND = YES;
				GCC_C_LANGUAGE_STANDARD = gnu11;
				GCC_NO_COMMON_BLOCKS = YES;
				GCC_WARN_64_TO_32_BIT_CONVERSION = YES;
				GCC_WARN_ABOUT_RETURN_TYPE = YES_ERROR;
				GCC_WARN_UNDECLARED_SELECTOR = YES;
				GCC_WARN_UNINITIALIZED_AUTOS = YES_AGGRESSIVE;
				GCC_WARN_UNUSED_FUNCTION = YES;
				GCC_WARN_UNUSED_VARIABLE = YES;
				MACOSX_DEPLOYMENT_TARGET = 14.0;
				MTL_ENABLE_DEBUG_INFO = NO;
				MTL_FAST_MATH = YES;
				PRODUCT_NAME = "$(TARGET_NAME)";
				SDKROOT = macosx;
				SWIFT_COMPILATION_MODE = wholemodule;
				SWIFT_OPTIMIZATION_LEVEL = "-O";
				SWIFT_VERSION = 6.0;
			};
			name = Release;
		};
		867FFCD868191B6042F71F70 /* Debug */ = {
			isa = XCBuildConfiguration;
			buildSettings = {
				ALWAYS_SEARCH_USER_PATHS = NO;
				CLANG_ANALYZER_NONNULL = YES;
				CLANG_ANALYZER_NUMBER_OBJECT_CONVERSION = YES_AGGRESSIVE;
				CLANG_CXX_LANGUAGE_STANDARD = "gnu++14";
				CLANG_CXX_LIBRARY = "libc++";
				CLANG_ENABLE_MODULES = YES;
				CLANG_ENABLE_OBJC_ARC = YES;
				CLANG_ENABLE_OBJC_WEAK = YES;
				CLANG_WARN_BLOCK_CAPTURE_AUTORELEASING = YES;
				CLANG_WARN_BOOL_CONVERSION = YES;
				CLANG_WARN_COMMA = YES;
				CLANG_WARN_CONSTANT_CONVERSION = YES;
				CLANG_WARN_DEPRECATED_OBJC_IMPLEMENTATIONS = YES;
				CLANG_WARN_DIRECT_OBJC_ISA_USAGE = YES_ERROR;
				CLANG_WARN_DOCUMENTATION_COMMENTS = YES;
				CLANG_WARN_EMPTY_BODY = YES;
				CLANG_WARN_ENUM_CONVERSION = YES;
				CLANG_WARN_INFINITE_RECURSION = YES;
				CLANG_WARN_INT_CONVERSION = YES;
				CLANG_WARN_NON_LITERAL_NULL_CONVERSION = YES;
				CLANG_WARN_OBJC_IMPLICIT_RETAIN_SELF = YES;
				CLANG_WARN_OBJC_LITERAL_CONVERSION = YES;
				CLANG_WARN_OBJC_ROOT_CLASS = YES_ERROR;
				CLANG_WARN_QUOTED_INCLUDE_IN_FRAMEWORK_HEADER = YES;
				CLANG_WARN_RANGE_LOOP_ANALYSIS = YES;
				CLANG_WARN_STRICT_PROTOTYPES = YES;
				CLANG_WARN_SUSPICIOUS_MOVE = YES;
				CLANG_WARN_UNGUARDED_AVAILABILITY = YES_AGGRESSIVE;
				CLANG_WARN_UNREACHABLE_CODE = YES;
				CLANG_WARN__DUPLICATE_METHOD_MATCH = YES;
				CODE_SIGN_IDENTITY = "";
				CODE_SIGN_STYLE = Automatic;
				COPY_PHASE_STRIP = NO;
				DEBUG_INFORMATION_FORMAT = dwarf;
				DEVELOPMENT_TEAM = MNTV7AH6PF;
				ENABLE_STRICT_OBJC_MSGSEND = YES;
				ENABLE_TESTABILITY = YES;
				GCC_C_LANGUAGE_STANDARD = gnu11;
				GCC_DYNAMIC_NO_PIC = NO;
				GCC_NO_COMMON_BLOCKS = YES;
				GCC_OPTIMIZATION_LEVEL = 0;
				GCC_PREPROCESSOR_DEFINITIONS = (
					"$(inherited)",
					"DEBUG=1",
				);
				GCC_WARN_64_TO_32_BIT_CONVERSION = YES;
				GCC_WARN_ABOUT_RETURN_TYPE = YES_ERROR;
				GCC_WARN_UNDECLARED_SELECTOR = YES;
				GCC_WARN_UNINITIALIZED_AUTOS = YES_AGGRESSIVE;
				GCC_WARN_UNUSED_FUNCTION = YES;
				GCC_WARN_UNUSED_VARIABLE = YES;
				MACOSX_DEPLOYMENT_TARGET = 14.0;
				MTL_ENABLE_DEBUG_INFO = INCLUDE_SOURCE;
				MTL_FAST_MATH = YES;
				ONLY_ACTIVE_ARCH = YES;
				PRODUCT_NAME = "$(TARGET_NAME)";
				SDKROOT = macosx;
				SWIFT_ACTIVE_COMPILATION_CONDITIONS = DEBUG;
				SWIFT_OPTIMIZATION_LEVEL = "-Onone";
				SWIFT_VERSION = 6.0;
			};
			name = Debug;
		};
		94779C46EF703FF0424787DE /* Debug */ = {
			isa = XCBuildConfiguration;
			buildSettings = {
				CODE_SIGNING_ALLOWED = NO;
				COMBINE_HIDPI_IMAGES = YES;
				GENERATE_INFOPLIST_FILE = YES;
				LD_RUNPATH_SEARCH_PATHS = (
					"$(inherited)",
					"@executable_path/../Frameworks",
				);
				PRODUCT_BUNDLE_IDENTIFIER = com.javis.TokenBarCLI;
				SDKROOT = macosx;
			};
			name = Debug;
		};
		98ED76AFB326C73F9D987104 /* Debug */ = {
			isa = XCBuildConfiguration;
			buildSettings = {
				BUNDLE_LOADER = "$(TEST_HOST)";
				COMBINE_HIDPI_IMAGES = YES;
				ENABLE_TESTING_SEARCH_PATHS = YES;
				GENERATE_INFOPLIST_FILE = YES;
				LD_RUNPATH_SEARCH_PATHS = (
					"$(inherited)",
					"@executable_path/../Frameworks",
					"@loader_path/../Frameworks",
				);
				PRODUCT_BUNDLE_IDENTIFIER = com.javis.TokenBarTests;
				SDKROOT = macosx;
			};
			name = Debug;
		};
		EE8E23872AA533FC3FCF0DF8 /* Release */ = {
			isa = XCBuildConfiguration;
			buildSettings = {
				BUNDLE_LOADER = "$(TEST_HOST)";
				COMBINE_HIDPI_IMAGES = YES;
				ENABLE_TESTING_SEARCH_PATHS = YES;
				GENERATE_INFOPLIST_FILE = YES;
				LD_RUNPATH_SEARCH_PATHS = (
					"$(inherited)",
					"@executable_path/../Frameworks",
					"@loader_path/../Frameworks",
				);
				PRODUCT_BUNDLE_IDENTIFIER = com.javis.TokenBarTests;
				SDKROOT = macosx;
			};
			name = Release;
		};
		FA8CB4CB4B7B508D751198EC /* Debug */ = {
			isa = XCBuildConfiguration;
			buildSettings = {
				CODE_SIGN_IDENTITY = "";
				COMBINE_HIDPI_IMAGES = YES;
				CURRENT_PROJECT_VERSION = 1;
				DEFINES_MODULE = YES;
				DYLIB_COMPATIBILITY_VERSION = 1;
				DYLIB_CURRENT_VERSION = 1;
				DYLIB_INSTALL_NAME_BASE = "@rpath";
				ENABLE_TESTING_SEARCH_PATHS = YES;
				GENERATE_INFOPLIST_FILE = YES;
				INSTALL_PATH = "$(LOCAL_LIBRARY_DIR)/Frameworks";
				LD_RUNPATH_SEARCH_PATHS = (
					"$(inherited)",
					"@executable_path/../Frameworks",
				);
				PRODUCT_BUNDLE_IDENTIFIER = com.javis.TokenBarCore;
				SDKROOT = macosx;
				SKIP_INSTALL = YES;
				VERSIONING_SYSTEM = "apple-generic";
			};
			name = Debug;
		};
/* End XCBuildConfiguration section */

/* Begin XCConfigurationList section */
		B2A4E97CDAEB691D90C9978C /* Build configuration list for PBXNativeTarget "TokenBarCore" */ = {
			isa = XCConfigurationList;
			buildConfigurations = (
				FA8CB4CB4B7B508D751198EC /* Debug */,
				51290F07D3087482B4468335 /* Release */,
			);
			defaultConfigurationIsVisible = 0;
			defaultConfigurationName = Debug;
		};
		B366BF48D43D8E344DFBB0A6 /* Build configuration list for PBXProject "TokenBar" */ = {
			isa = XCConfigurationList;
			buildConfigurations = (
				867FFCD868191B6042F71F70 /* Debug */,
				827533071850E4B0AE7707AD /* Release */,
			);
			defaultConfigurationIsVisible = 0;
			defaultConfigurationName = Debug;
		};
		D3D8CF80DFF6B7A2EB01ADB2 /* Build configuration list for PBXNativeTarget "TokenBarTests" */ = {
			isa = XCConfigurationList;
			buildConfigurations = (
				98ED76AFB326C73F9D987104 /* Debug */,
				EE8E23872AA533FC3FCF0DF8 /* Release */,
			);
			defaultConfigurationIsVisible = 0;
			defaultConfigurationName = Debug;
		};
		E445E1751FA54AD0C8005465 /* Build configuration list for PBXNativeTarget "TokenBarCLI" */ = {
			isa = XCConfigurationList;
			buildConfigurations = (
				94779C46EF703FF0424787DE /* Debug */,
				09D71DA04AAE80FC513D134D /* Release */,
			);
			defaultConfigurationIsVisible = 0;
			defaultConfigurationName = Debug;
		};
		E990BC53650DE7F616450C86 /* Build configuration list for PBXNativeTarget "TokenBarProbe" */ = {
			isa = XCConfigurationList;
			buildConfigurations = (
				770A0645C11CEC8F7075C5B2 /* Debug */,
				2ECAD8A4AC1EB3B95AF3660E /* Release */,
			);
			defaultConfigurationIsVisible = 0;
			defaultConfigurationName = Debug;
		};
		F02FF9FBDA0222C31FF4C990 /* Build configuration list for PBXNativeTarget "TokenBar" */ = {
			isa = XCConfigurationList;
			buildConfigurations = (
				309AAAD46B668E6F98BACC68 /* Debug */,
				426863F36455F4D38453FDF9 /* Release */,
			);
			defaultConfigurationIsVisible = 0;
			defaultConfigurationName = Debug;
		};
/* End XCConfigurationList section */

/* Begin XCRemoteSwiftPackageReference section */
		403344065DF772AF70C5FC5D /* XCRemoteSwiftPackageReference "GRDB.swift" */ = {
			isa = XCRemoteSwiftPackageReference;
			repositoryURL = "https://github.com/groue/GRDB.swift.git";
			requirement = {
				kind = upToNextMajorVersion;
				minimumVersion = 7.0.0;
			};
		};
/* End XCRemoteSwiftPackageReference section */

/* Begin XCSwiftPackageProductDependency section */
		BAAEE08434E29011554174AC /* GRDB */ = {
			isa = XCSwiftPackageProductDependency;
			package = 403344065DF772AF70C5FC5D /* XCRemoteSwiftPackageReference "GRDB.swift" */;
			productName = GRDB;
		};
		FA0941472B14413B69901763 /* GRDB */ = {
			isa = XCSwiftPackageProductDependency;
			package = 403344065DF772AF70C5FC5D /* XCRemoteSwiftPackageReference "GRDB.swift" */;
			productName = GRDB;
		};
/* End XCSwiftPackageProductDependency section */
	};
	rootObject = 44B698EF186DAD718BD40ADE /* Project object */;
}
